// !$*UTF8*$!
{
	archiveVersion = 1;
	classes = {
	};
	objectVersion = 45;
	objects = {

/* Begin PBXBuildFile section */
		1D3623260D0F684500981E51 /* OpenGLEngineAppDelegate.m in Sources */ = {isa = PBXBuildFile; fileRef = 1D3623250D0F684500981E51 /* OpenGLEngineAppDelegate.m */; };
		1D60589B0D05DD56006BFB54 /* main.m in Sources */ = {isa = PBXBuildFile; fileRef = 29B97316FDCFA39411CA2CEA /* main.m */; };
		1D60589F0D05DD5A006BFB54 /* Foundation.framework in Frameworks */ = {isa = PBXBuildFile; fileRef = 1D30AB110D05D00D00671497 /* Foundation.framework */; };
		1DF5F4E00D08C38300B7A737 /* UIKit.framework in Frameworks */ = {isa = PBXBuildFile; fileRef = 1DF5F4DF0D08C38300B7A737 /* UIKit.framework */; };
		2514C27210084DB100A42282 /* ES1Renderer.m in Sources */ = {isa = PBXBuildFile; fileRef = 2514C26E10084DB100A42282 /* ES1Renderer.m */; };
		2514C27310084DB100A42282 /* ES2Renderer.m in Sources */ = {isa = PBXBuildFile; fileRef = 2514C27010084DB100A42282 /* ES2Renderer.m */; };
		2514C27B10084DCA00A42282 /* Shader.fsh in Resources */ = {isa = PBXBuildFile; fileRef = 2514C27910084DCA00A42282 /* Shader.fsh */; };
		2514C27C10084DCA00A42282 /* Shader.vsh in Resources */ = {isa = PBXBuildFile; fileRef = 2514C27A10084DCA00A42282 /* Shader.vsh */; };
		28AD733F0D9D9553002E5188 /* MainWindow.xib in Resources */ = {isa = PBXBuildFile; fileRef = 28AD733E0D9D9553002E5188 /* MainWindow.xib */; };
		28FD14FE0DC6FC130079059D /* EAGLView.m in Sources */ = {isa = PBXBuildFile; fileRef = 28FD14FD0DC6FC130079059D /* EAGLView.m */; };
		28FD15000DC6FC520079059D /* OpenGLES.framework in Frameworks */ = {isa = PBXBuildFile; fileRef = 28FD14FF0DC6FC520079059D /* OpenGLES.framework */; };
		28FD15080DC6FC5B0079059D /* QuartzCore.framework in Frameworks */ = {isa = PBXBuildFile; fileRef = 28FD15070DC6FC5B0079059D /* QuartzCore.framework */; };
		6F120008130633D6003CDDD6 /* BaseCamp.plist in Resources */ = {isa = PBXBuildFile; fileRef = 6F120007130633D6003CDDD6 /* BaseCamp.plist */; };
		6F27EBC51321605C00579EE5 /* structurefixer.png in Resources */ = {isa = PBXBuildFile; fileRef = 6F27EBC41321605C00579EE5 /* structurefixer.png */; };
		6F27EE0A1324118B00579EE5 /* AIController.m in Sources */ = {isa = PBXBuildFile; fileRef = 6F27EE091324118B00579EE5 /* AIController.m */; };
		6F2CAD3C13171501001A10E3 /* BaseStationStructureObject.m in Sources */ = {isa = PBXBuildFile; fileRef = 6F2CAD3B13171501001A10E3 /* BaseStationStructureObject.m */; };
		6F2CAD7213171B58001A10E3 /* TurretStructureObject.m in Sources */ = {isa = PBXBuildFile; fileRef = 6F2CAD7113171B58001A10E3 /* TurretStructureObject.m */; };
		6F2CAD7513171B7E001A10E3 /* BlockStructureObject.m in Sources */ = {isa = PBXBuildFile; fileRef = 6F2CAD7413171B7E001A10E3 /* BlockStructureObject.m */; };
		6F2CAD9C13171E70001A10E3 /* MothCraftObject.m in Sources */ = {isa = PBXBuildFile; fileRef = 6F2CAD9B13171E70001A10E3 /* MothCraftObject.m */; };
		6F2CAD9F13171E94001A10E3 /* BeetleCraftObject.m in Sources */ = {isa = PBXBuildFile; fileRef = 6F2CAD9E13171E94001A10E3 /* BeetleCraftObject.m */; };
		6F2CADA213171EA6001A10E3 /* MonarchCraftObject.m in Sources */ = {isa = PBXBuildFile; fileRef = 6F2CADA113171EA6001A10E3 /* MonarchCraftObject.m */; };
		6F2CADB313171F11001A10E3 /* RadarStructureObject.m in Sources */ = {isa = PBXBuildFile; fileRef = 6F2CADB213171F11001A10E3 /* RadarStructureObject.m */; };
		6F2CADB613171F23001A10E3 /* FixerStructureObject.m in Sources */ = {isa = PBXBuildFile; fileRef = 6F2CADB513171F23001A10E3 /* FixerStructureObject.m */; };
		6F2CADC113172529001A10E3 /* structureblock.png in Resources */ = {isa = PBXBuildFile; fileRef = 6F2CADC013172529001A10E3 /* structureblock.png */; };
		6F2CAE6113172D9A001A10E3 /* MainMenuSideBar.m in Sources */ = {isa = PBXBuildFile; fileRef = 6F2CAE6013172D9A001A10E3 /* MainMenuSideBar.m */; };
		6F2CAEF313173BA7001A10E3 /* SideBarButton.m in Sources */ = {isa = PBXBuildFile; fileRef = 6F2CAEF213173BA7001A10E3 /* SideBarButton.m */; };
		6F2CB13A131973A9001A10E3 /* craftmonarch.png in Resources */ = {isa = PBXBuildFile; fileRef = 6F2CB139131973A9001A10E3 /* craftmonarch.png */; };
		6F2CB2A81319EC26001A10E3 /* particlebroggut.png in Resources */ = {isa = PBXBuildFile; fileRef = 6F2CB2A51319EC26001A10E3 /* particlebroggut.png */; };
		6F2CB2A91319EC26001A10E3 /* particleshippart.png in Resources */ = {isa = PBXBuildFile; fileRef = 6F2CB2A61319EC26001A10E3 /* particleshippart.png */; };
		6F2CB2AA1319EC26001A10E3 /* particleshipthruster.png in Resources */ = {isa = PBXBuildFile; fileRef = 6F2CB2A71319EC26001A10E3 /* particleshipthruster.png */; };
		6F2CB3491319F592001A10E3 /* structureturret.png in Resources */ = {isa = PBXBuildFile; fileRef = 6F2CB3481319F592001A10E3 /* structureturret.png */; };
		6F2CB40E131A073C001A10E3 /* testsound.wav in Resources */ = {isa = PBXBuildFile; fileRef = 6F2CB40D131A073C001A10E3 /* testsound.wav */; };
		6F2CB471131A24B9001A10E3 /* CraftSideBar.m in Sources */ = {isa = PBXBuildFile; fileRef = 6F2CB470131A24B9001A10E3 /* CraftSideBar.m */; };
		6F2CB5E0131AED6D001A10E3 /* StructureSideBar.m in Sources */ = {isa = PBXBuildFile; fileRef = 6F2CB5DF131AED6D001A10E3 /* StructureSideBar.m */; };
		6F2CB879131D5ED6001A10E3 /* CamelCraftObject.m in Sources */ = {isa = PBXBuildFile; fileRef = 6F2CB878131D5ED6001A10E3 /* CamelCraftObject.m */; };
		6F2CB895131D61DF001A10E3 /* craftcamel.png in Resources */ = {isa = PBXBuildFile; fileRef = 6F2CB894131D61DF001A10E3 /* craftcamel.png */; };
		6F2CB91D131DD3CF001A10E3 /* RatCraftObject.m in Sources */ = {isa = PBXBuildFile; fileRef = 6F2CB91C131DD3CF001A10E3 /* RatCraftObject.m */; };
		6F2CB920131DD42A001A10E3 /* SpiderCraftObject.m in Sources */ = {isa = PBXBuildFile; fileRef = 6F2CB91F131DD42A001A10E3 /* SpiderCraftObject.m */; };
		6F2CB923131DD452001A10E3 /* EagleCraftObject.m in Sources */ = {isa = PBXBuildFile; fileRef = 6F2CB922131DD452001A10E3 /* EagleCraftObject.m */; };
		6F2CB9A5131EB7F3001A10E3 /* SpiderDroneObject.m in Sources */ = {isa = PBXBuildFile; fileRef = 6F2CB9A4131EB7F3001A10E3 /* SpiderDroneObject.m */; };
		6F2CB9D3131EE517001A10E3 /* BroggutsSideBar.m in Sources */ = {isa = PBXBuildFile; fileRef = 6F2CB9D2131EE517001A10E3 /* BroggutsSideBar.m */; };
		6F5B456313285A7F008EC9CD /* Default-Landscape~ipad.png in Resources */ = {isa = PBXBuildFile; fileRef = 6F5B456213285A7F008EC9CD /* Default-Landscape~ipad.png */; };
		6F67CBE31329480C0061B1A9 /* craftant.png in Resources */ = {isa = PBXBuildFile; fileRef = 6F67CBE01329480C0061B1A9 /* craftant.png */; };
		6F67CBE41329480C0061B1A9 /* craftbeetle.png in Resources */ = {isa = PBXBuildFile; fileRef = 6F67CBE11329480C0061B1A9 /* craftbeetle.png */; };
		6F67CBE51329480C0061B1A9 /* craftmoth.png in Resources */ = {isa = PBXBuildFile; fileRef = 6F67CBE21329480C0061B1A9 /* craftmoth.png */; };
		6F67CBE7132948170061B1A9 /* structurebasestation.png in Resources */ = {isa = PBXBuildFile; fileRef = 6F67CBE6132948170061B1A9 /* structurebasestation.png */; };
		6F67CBEC1329A1DF0061B1A9 /* MainMenuController.m in Sources */ = {isa = PBXBuildFile; fileRef = 6F67CBEA1329A1DF0061B1A9 /* MainMenuController.m */; };
		6F67CBED1329A1DF0061B1A9 /* MainMenuController.xib in Resources */ = {isa = PBXBuildFile; fileRef = 6F67CBEB1329A1DF0061B1A9 /* MainMenuController.xib */; };
		6F67CBF11329A4D80061B1A9 /* OptionsMenuController.m in Sources */ = {isa = PBXBuildFile; fileRef = 6F67CBEF1329A4D70061B1A9 /* OptionsMenuController.m */; };
		6F67CBF21329A4D80061B1A9 /* OptionsMenuController.xib in Resources */ = {isa = PBXBuildFile; fileRef = 6F67CBF01329A4D80061B1A9 /* OptionsMenuController.xib */; };
		6F67CBF61329A6620061B1A9 /* ProfileMenuController.m in Sources */ = {isa = PBXBuildFile; fileRef = 6F67CBF41329A6610061B1A9 /* ProfileMenuController.m */; };
		6F67CBF71329A6620061B1A9 /* ProfileMenuController.xib in Resources */ = {isa = PBXBuildFile; fileRef = 6F67CBF51329A6620061B1A9 /* ProfileMenuController.xib */; };
		6F67CBFB1329EED40061B1A9 /* SkirmishMenuController.m in Sources */ = {isa = PBXBuildFile; fileRef = 6F67CBF91329EECF0061B1A9 /* SkirmishMenuController.m */; };
		6F67CBFC1329EED40061B1A9 /* SkirmishMenuController.xib in Resources */ = {isa = PBXBuildFile; fileRef = 6F67CBFA1329EED20061B1A9 /* SkirmishMenuController.xib */; };
		6F6A2C1112FC7992002A4201 /* GameCenterSingleton.m in Sources */ = {isa = PBXBuildFile; fileRef = 6F6A2C1012FC7992002A4201 /* GameCenterSingleton.m */; };
		6F6A2C2412FC79AD002A4201 /* GameKit.framework in Frameworks */ = {isa = PBXBuildFile; fileRef = 6F6A2C2312FC79AD002A4201 /* GameKit.framework */; };
		6F6A2D3A12FFB130002A4201 /* GameCenterSingleton.xib in Resources */ = {isa = PBXBuildFile; fileRef = 6F6A2D3912FFB130002A4201 /* GameCenterSingleton.xib */; };
		6F6A2F7013019BE8002A4201 /* StarSingleton.m in Sources */ = {isa = PBXBuildFile; fileRef = 6F6A2F6F13019BE8002A4201 /* StarSingleton.m */; };
		6F6A2FAD1301A782002A4201 /* smallbroggut.png in Resources */ = {isa = PBXBuildFile; fileRef = 6F6A2FAC1301A782002A4201 /* smallbroggut.png */; };
		6F8ACF52131F109000B67BB5 /* craftspider.png in Resources */ = {isa = PBXBuildFile; fileRef = 6F8ACF50131F109000B67BB5 /* craftspider.png */; };
		6F8ACF53131F109000B67BB5 /* craftspiderdrone.png in Resources */ = {isa = PBXBuildFile; fileRef = 6F8ACF51131F109000B67BB5 /* craftspiderdrone.png */; };
		6F8B8231130678BD009CD1BF /* BaseCampSaved.plist in Resources */ = {isa = PBXBuildFile; fileRef = 6F8B8230130678BD009CD1BF /* BaseCampSaved.plist */; };
		6F8B843013072035009CD1BF /* Default-Landscape.png in Resources */ = {isa = PBXBuildFile; fileRef = 6F8B842F13072035009CD1BF /* Default-Landscape.png */; };
		6F8B859E13074552009CD1BF /* SideBarController.m in Sources */ = {isa = PBXBuildFile; fileRef = 6F8B859D13074552009CD1BF /* SideBarController.m */; };
		6F8B869D13076AE0009CD1BF /* PlayerProfile.m in Sources */ = {isa = PBXBuildFile; fileRef = 6F8B869C13076AE0009CD1BF /* PlayerProfile.m */; };
		6F8B875013078660009CD1BF /* StructureObject.m in Sources */ = {isa = PBXBuildFile; fileRef = 6F8B874F13078660009CD1BF /* StructureObject.m */; };
		6F8B8753130787A9009CD1BF /* CraftObject.m in Sources */ = {isa = PBXBuildFile; fileRef = 6F8B8752130787A9009CD1BF /* CraftObject.m */; };
		6F8B885C1307A7DE009CD1BF /* BroggutObject.m in Sources */ = {isa = PBXBuildFile; fileRef = 6F8B885B1307A7DE009CD1BF /* BroggutObject.m */; };
		6F8B88C51307B38B009CD1BF /* blair.fnt in Resources */ = {isa = PBXBuildFile; fileRef = 6F8B88C31307B38B009CD1BF /* blair.fnt */; };
		6F8B88C61307B38B009CD1BF /* blair.png in Resources */ = {isa = PBXBuildFile; fileRef = 6F8B88C41307B38B009CD1BF /* blair.png */; };
		6F8B8A10130884C2009CD1BF /* BroggutGenerator.mm in Sources */ = {isa = PBXBuildFile; fileRef = 6F8B8A0F130884C2009CD1BF /* BroggutGenerator.mm */; };
		6F8B8A3013089180009CD1BF /* ShapeGenerator.mm in Sources */ = {isa = PBXBuildFile; fileRef = 6F8B8A2F13089180009CD1BF /* ShapeGenerator.mm */; };
		6F8B8D0C130B5DD1009CD1BF /* SideBarObject.m in Sources */ = {isa = PBXBuildFile; fileRef = 6F8B8D0B130B5DD1009CD1BF /* SideBarObject.m */; };
		6F8B8E0B130C8347009CD1BF /* AntCraftObject.m in Sources */ = {isa = PBXBuildFile; fileRef = 6F8B8E0A130C8347009CD1BF /* AntCraftObject.m */; };
		6F8B8E28130C8885009CD1BF /* ParticleSingleton.m in Sources */ = {isa = PBXBuildFile; fileRef = 6F8B8E27130C8885009CD1BF /* ParticleSingleton.m */; };
		6F8B8E4F130C8FCB009CD1BF /* broggutParticle.pex in Resources */ = {isa = PBXBuildFile; fileRef = 6F8B8E4A130C8FCB009CD1BF /* broggutParticle.pex */; };
		6F8B8E50130C8FCB009CD1BF /* buildLocationParticle.pex in Resources */ = {isa = PBXBuildFile; fileRef = 6F8B8E4B130C8FCB009CD1BF /* buildLocationParticle.pex */; };
		6F8B8E51130C8FCB009CD1BF /* laserParticle.pex in Resources */ = {isa = PBXBuildFile; fileRef = 6F8B8E4C130C8FCB009CD1BF /* laserParticle.pex */; };
		6F8B8E52130C8FCB009CD1BF /* shipPartsParticle.pex in Resources */ = {isa = PBXBuildFile; fileRef = 6F8B8E4D130C8FCB009CD1BF /* shipPartsParticle.pex */; };
		6F8B8E53130C8FCB009CD1BF /* shipThrusterParticle.pex in Resources */ = {isa = PBXBuildFile; fileRef = 6F8B8E4E130C8FCB009CD1BF /* shipThrusterParticle.pex */; };
		6F8B8E86130C91D5009CD1BF /* defaultTexture.png in Resources */ = {isa = PBXBuildFile; fileRef = 6F8B8E85130C91D5009CD1BF /* defaultTexture.png */; };
		6FAD51F51304579100E5E98F /* gothic.fnt in Resources */ = {isa = PBXBuildFile; fileRef = 6FAD51F31304579100E5E98F /* gothic.fnt */; };
		6FAD51F61304579100E5E98F /* gothic.png in Resources */ = {isa = PBXBuildFile; fileRef = 6FAD51F41304579100E5E98F /* gothic.png */; };
		6FAD539C13049A6400E5E98F /* TouchableObject.m in Sources */ = {isa = PBXBuildFile; fileRef = 6FAD539B13049A6400E5E98F /* TouchableObject.m */; };
		6FC98B2112FB1FB4003F9D9A /* starTexture.png in Resources */ = {isa = PBXBuildFile; fileRef = 6FC98B2012FB1FB4003F9D9A /* starTexture.png */; };
		6FCAC69712F75BB500662BDA /* GameplayConstants.h in Resources */ = {isa = PBXBuildFile; fileRef = 6FCAC69612F75BB500662BDA /* GameplayConstants.h */; };
		6FCAC71712F7CDB300662BDA /* Image.m in Sources */ = {isa = PBXBuildFile; fileRef = 6FCAC71612F7CDB300662BDA /* Image.m */; };
		6FCAC71A12F7CDD100662BDA /* ImageRenderSingleton.m in Sources */ = {isa = PBXBuildFile; fileRef = 6FCAC71912F7CDD100662BDA /* ImageRenderSingleton.m */; };
		6FCAC72B12F7CE4E00662BDA /* SoundSingleton.m in Sources */ = {isa = PBXBuildFile; fileRef = 6FCAC72A12F7CE4E00662BDA /* SoundSingleton.m */; };
		6FCAC72E12F7CE6700662BDA /* Texture2D.m in Sources */ = {isa = PBXBuildFile; fileRef = 6FCAC72D12F7CE6700662BDA /* Texture2D.m */; };
		6FCAC73112F7CE7300662BDA /* TextureSingleton.m in Sources */ = {isa = PBXBuildFile; fileRef = 6FCAC73012F7CE7300662BDA /* TextureSingleton.m */; };
		6FCAC7DF12F863A200662BDA /* GameController.m in Sources */ = {isa = PBXBuildFile; fileRef = 6FCAC7DE12F863A200662BDA /* GameController.m */; };
		6FCAC91C12F86B7400662BDA /* MyOpenALSupport.c in Sources */ = {isa = PBXBuildFile; fileRef = 6FCAC91B12F86B7400662BDA /* MyOpenALSupport.c */; };
		6FCAC94312F86BBD00662BDA /* OpenAL.framework in Frameworks */ = {isa = PBXBuildFile; fileRef = 6FCAC94212F86BBD00662BDA /* OpenAL.framework */; };
		6FCAC94D12F86BC400662BDA /* AVFoundation.framework in Frameworks */ = {isa = PBXBuildFile; fileRef = 6FCAC94C12F86BC400662BDA /* AVFoundation.framework */; };
		6FCAC97D12F86BDB00662BDA /* CoreGraphics.framework in Frameworks */ = {isa = PBXBuildFile; fileRef = 6FCAC97C12F86BDB00662BDA /* CoreGraphics.framework */; };
		6FCAC9A212F86BEF00662BDA /* AudioToolbox.framework in Frameworks */ = {isa = PBXBuildFile; fileRef = 6FCAC9A112F86BEF00662BDA /* AudioToolbox.framework */; };
		6FCACA0F12F870DA00662BDA /* ParticleEmitter.m in Sources */ = {isa = PBXBuildFile; fileRef = 6FCACA0E12F870DA00662BDA /* ParticleEmitter.m */; };
		6FCACA1A12F8710000662BDA /* TBXML.m in Sources */ = {isa = PBXBuildFile; fileRef = 6FCACA1712F8710000662BDA /* TBXML.m */; };
		6FCACA1B12F8710000662BDA /* TBXMLParticleAdditions.m in Sources */ = {isa = PBXBuildFile; fileRef = 6FCACA1912F8710000662BDA /* TBXMLParticleAdditions.m */; };
		6FCACA2D12F8717400662BDA /* NSDataAdditions.m in Sources */ = {isa = PBXBuildFile; fileRef = 6FCACA2C12F8717400662BDA /* NSDataAdditions.m */; };
		6FCACA3512F871D300662BDA /* libz.dylib in Frameworks */ = {isa = PBXBuildFile; fileRef = 6FCACA3412F871D300662BDA /* libz.dylib */; };
		6FCACA5012F9DDCD00662BDA /* BroggutScene.m in Sources */ = {isa = PBXBuildFile; fileRef = 6FCACA4F12F9DDCD00662BDA /* BroggutScene.m */; };
		6FE75B1C13036DB400A3C6EF /* CollisionManager.mm in Sources */ = {isa = PBXBuildFile; fileRef = 6FE75B1B13036DB400A3C6EF /* CollisionManager.mm */; };
		6FE75B2E1303704100A3C6EF /* CollidableObject.m in Sources */ = {isa = PBXBuildFile; fileRef = 6FE75B2D1303704100A3C6EF /* CollidableObject.m */; };
		6FE75F32130454BB00A3C6EF /* BitmapFont.m in Sources */ = {isa = PBXBuildFile; fileRef = 6FE75F31130454BB00A3C6EF /* BitmapFont.m */; };
		6FF6642E1305AF4500EB76A8 /* TextObject.m in Sources */ = {isa = PBXBuildFile; fileRef = 6FF6642D1305AF4500EB76A8 /* TextObject.m */; };
		6FF666921305FBAC00EB76A8 /* ControllableObject.m in Sources */ = {isa = PBXBuildFile; fileRef = 6FF666911305FBAC00EB76A8 /* ControllableObject.m */; };
/* End PBXBuildFile section */

/* Begin PBXFileReference section */
		1D30AB110D05D00D00671497 /* Foundation.framework */ = {isa = PBXFileReference; lastKnownFileType = wrapper.framework; name = Foundation.framework; path = System/Library/Frameworks/Foundation.framework; sourceTree = SDKROOT; };
		1D3623240D0F684500981E51 /* OpenGLEngineAppDelegate.h */ = {isa = PBXFileReference; fileEncoding = 4; lastKnownFileType = sourcecode.c.h; name = OpenGLEngineAppDelegate.h; path = Classes/OpenGLEngineAppDelegate.h; sourceTree = "<group>"; };
		1D3623250D0F684500981E51 /* OpenGLEngineAppDelegate.m */ = {isa = PBXFileReference; fileEncoding = 4; lastKnownFileType = sourcecode.c.objc; name = OpenGLEngineAppDelegate.m; path = Classes/OpenGLEngineAppDelegate.m; sourceTree = "<group>"; };
		1D6058910D05DD3D006BFB54 /* OpenGLEngine.app */ = {isa = PBXFileReference; explicitFileType = wrapper.application; includeInIndex = 0; path = OpenGLEngine.app; sourceTree = BUILT_PRODUCTS_DIR; };
		1DF5F4DF0D08C38300B7A737 /* UIKit.framework */ = {isa = PBXFileReference; lastKnownFileType = wrapper.framework; name = UIKit.framework; path = System/Library/Frameworks/UIKit.framework; sourceTree = SDKROOT; };
		2514C26D10084DB100A42282 /* ES1Renderer.h */ = {isa = PBXFileReference; fileEncoding = 4; lastKnownFileType = sourcecode.c.h; path = ES1Renderer.h; sourceTree = "<group>"; };
		2514C26E10084DB100A42282 /* ES1Renderer.m */ = {isa = PBXFileReference; fileEncoding = 4; lastKnownFileType = sourcecode.c.objc; path = ES1Renderer.m; sourceTree = "<group>"; };
		2514C26F10084DB100A42282 /* ES2Renderer.h */ = {isa = PBXFileReference; fileEncoding = 4; lastKnownFileType = sourcecode.c.h; path = ES2Renderer.h; sourceTree = "<group>"; };
		2514C27010084DB100A42282 /* ES2Renderer.m */ = {isa = PBXFileReference; fileEncoding = 4; lastKnownFileType = sourcecode.c.objc; path = ES2Renderer.m; sourceTree = "<group>"; };
		2514C27110084DB100A42282 /* ESRenderer.h */ = {isa = PBXFileReference; fileEncoding = 4; lastKnownFileType = sourcecode.c.h; path = ESRenderer.h; sourceTree = "<group>"; };
		2514C27910084DCA00A42282 /* Shader.fsh */ = {isa = PBXFileReference; fileEncoding = 4; lastKnownFileType = sourcecode.glsl; name = Shader.fsh; path = Shaders/Shader.fsh; sourceTree = "<group>"; };
		2514C27A10084DCA00A42282 /* Shader.vsh */ = {isa = PBXFileReference; fileEncoding = 4; lastKnownFileType = sourcecode.glsl; name = Shader.vsh; path = Shaders/Shader.vsh; sourceTree = "<group>"; };
		28AD733E0D9D9553002E5188 /* MainWindow.xib */ = {isa = PBXFileReference; lastKnownFileType = file.xib; path = MainWindow.xib; sourceTree = "<group>"; };
		28FD14FC0DC6FC130079059D /* EAGLView.h */ = {isa = PBXFileReference; fileEncoding = 4; lastKnownFileType = sourcecode.c.h; path = EAGLView.h; sourceTree = "<group>"; };
		28FD14FD0DC6FC130079059D /* EAGLView.m */ = {isa = PBXFileReference; fileEncoding = 4; lastKnownFileType = sourcecode.c.objc; path = EAGLView.m; sourceTree = "<group>"; };
		28FD14FF0DC6FC520079059D /* OpenGLES.framework */ = {isa = PBXFileReference; lastKnownFileType = wrapper.framework; name = OpenGLES.framework; path = System/Library/Frameworks/OpenGLES.framework; sourceTree = SDKROOT; };
		28FD15070DC6FC5B0079059D /* QuartzCore.framework */ = {isa = PBXFileReference; lastKnownFileType = wrapper.framework; name = QuartzCore.framework; path = System/Library/Frameworks/QuartzCore.framework; sourceTree = SDKROOT; };
		29B97316FDCFA39411CA2CEA /* main.m */ = {isa = PBXFileReference; fileEncoding = 4; lastKnownFileType = sourcecode.c.objc; path = main.m; sourceTree = "<group>"; };
		32CA4F630368D1EE00C91783 /* OpenGLEngine_Prefix.pch */ = {isa = PBXFileReference; fileEncoding = 4; lastKnownFileType = sourcecode.c.h; path = OpenGLEngine_Prefix.pch; sourceTree = "<group>"; };
		6F120007130633D6003CDDD6 /* BaseCamp.plist */ = {isa = PBXFileReference; fileEncoding = 4; lastKnownFileType = text.plist.xml; path = BaseCamp.plist; sourceTree = "<group>"; };
		6F27EBC41321605C00579EE5 /* structurefixer.png */ = {isa = PBXFileReference; lastKnownFileType = image.png; path = structurefixer.png; sourceTree = "<group>"; };
		6F27EE081324118B00579EE5 /* AIController.h */ = {isa = PBXFileReference; fileEncoding = 4; lastKnownFileType = sourcecode.c.h; path = AIController.h; sourceTree = "<group>"; };
		6F27EE091324118B00579EE5 /* AIController.m */ = {isa = PBXFileReference; fileEncoding = 4; lastKnownFileType = sourcecode.c.objc; path = AIController.m; sourceTree = "<group>"; };
		6F2CAD3A13171501001A10E3 /* BaseStationStructureObject.h */ = {isa = PBXFileReference; fileEncoding = 4; lastKnownFileType = sourcecode.c.h; path = BaseStationStructureObject.h; sourceTree = "<group>"; };
		6F2CAD3B13171501001A10E3 /* BaseStationStructureObject.m */ = {isa = PBXFileReference; fileEncoding = 4; lastKnownFileType = sourcecode.c.objc; path = BaseStationStructureObject.m; sourceTree = "<group>"; };
		6F2CAD7013171B58001A10E3 /* TurretStructureObject.h */ = {isa = PBXFileReference; fileEncoding = 4; lastKnownFileType = sourcecode.c.h; path = TurretStructureObject.h; sourceTree = "<group>"; };
		6F2CAD7113171B58001A10E3 /* TurretStructureObject.m */ = {isa = PBXFileReference; fileEncoding = 4; lastKnownFileType = sourcecode.c.objc; path = TurretStructureObject.m; sourceTree = "<group>"; };
		6F2CAD7313171B7E001A10E3 /* BlockStructureObject.h */ = {isa = PBXFileReference; fileEncoding = 4; lastKnownFileType = sourcecode.c.h; path = BlockStructureObject.h; sourceTree = "<group>"; };
		6F2CAD7413171B7E001A10E3 /* BlockStructureObject.m */ = {isa = PBXFileReference; fileEncoding = 4; lastKnownFileType = sourcecode.c.objc; path = BlockStructureObject.m; sourceTree = "<group>"; };
		6F2CAD9A13171E70001A10E3 /* MothCraftObject.h */ = {isa = PBXFileReference; fileEncoding = 4; lastKnownFileType = sourcecode.c.h; path = MothCraftObject.h; sourceTree = "<group>"; };
		6F2CAD9B13171E70001A10E3 /* MothCraftObject.m */ = {isa = PBXFileReference; fileEncoding = 4; lastKnownFileType = sourcecode.c.objc; path = MothCraftObject.m; sourceTree = "<group>"; };
		6F2CAD9D13171E94001A10E3 /* BeetleCraftObject.h */ = {isa = PBXFileReference; fileEncoding = 4; lastKnownFileType = sourcecode.c.h; path = BeetleCraftObject.h; sourceTree = "<group>"; };
		6F2CAD9E13171E94001A10E3 /* BeetleCraftObject.m */ = {isa = PBXFileReference; fileEncoding = 4; lastKnownFileType = sourcecode.c.objc; path = BeetleCraftObject.m; sourceTree = "<group>"; };
		6F2CADA013171EA6001A10E3 /* MonarchCraftObject.h */ = {isa = PBXFileReference; fileEncoding = 4; lastKnownFileType = sourcecode.c.h; path = MonarchCraftObject.h; sourceTree = "<group>"; };
		6F2CADA113171EA6001A10E3 /* MonarchCraftObject.m */ = {isa = PBXFileReference; fileEncoding = 4; lastKnownFileType = sourcecode.c.objc; path = MonarchCraftObject.m; sourceTree = "<group>"; };
		6F2CADB113171F11001A10E3 /* RadarStructureObject.h */ = {isa = PBXFileReference; fileEncoding = 4; lastKnownFileType = sourcecode.c.h; path = RadarStructureObject.h; sourceTree = "<group>"; };
		6F2CADB213171F11001A10E3 /* RadarStructureObject.m */ = {isa = PBXFileReference; fileEncoding = 4; lastKnownFileType = sourcecode.c.objc; path = RadarStructureObject.m; sourceTree = "<group>"; };
		6F2CADB413171F23001A10E3 /* FixerStructureObject.h */ = {isa = PBXFileReference; fileEncoding = 4; lastKnownFileType = sourcecode.c.h; path = FixerStructureObject.h; sourceTree = "<group>"; };
		6F2CADB513171F23001A10E3 /* FixerStructureObject.m */ = {isa = PBXFileReference; fileEncoding = 4; lastKnownFileType = sourcecode.c.objc; path = FixerStructureObject.m; sourceTree = "<group>"; };
		6F2CADC013172529001A10E3 /* structureblock.png */ = {isa = PBXFileReference; lastKnownFileType = image.png; path = structureblock.png; sourceTree = "<group>"; };
		6F2CAE5F13172D9A001A10E3 /* MainMenuSideBar.h */ = {isa = PBXFileReference; fileEncoding = 4; lastKnownFileType = sourcecode.c.h; path = MainMenuSideBar.h; sourceTree = "<group>"; };
		6F2CAE6013172D9A001A10E3 /* MainMenuSideBar.m */ = {isa = PBXFileReference; fileEncoding = 4; lastKnownFileType = sourcecode.c.objc; path = MainMenuSideBar.m; sourceTree = "<group>"; };
		6F2CAEF113173BA7001A10E3 /* SideBarButton.h */ = {isa = PBXFileReference; fileEncoding = 4; lastKnownFileType = sourcecode.c.h; path = SideBarButton.h; sourceTree = "<group>"; };
		6F2CAEF213173BA7001A10E3 /* SideBarButton.m */ = {isa = PBXFileReference; fileEncoding = 4; lastKnownFileType = sourcecode.c.objc; path = SideBarButton.m; sourceTree = "<group>"; };
		6F2CB139131973A9001A10E3 /* craftmonarch.png */ = {isa = PBXFileReference; lastKnownFileType = image.png; path = craftmonarch.png; sourceTree = "<group>"; };
		6F2CB2A51319EC26001A10E3 /* particlebroggut.png */ = {isa = PBXFileReference; lastKnownFileType = image.png; path = particlebroggut.png; sourceTree = "<group>"; };
		6F2CB2A61319EC26001A10E3 /* particleshippart.png */ = {isa = PBXFileReference; lastKnownFileType = image.png; path = particleshippart.png; sourceTree = "<group>"; };
		6F2CB2A71319EC26001A10E3 /* particleshipthruster.png */ = {isa = PBXFileReference; lastKnownFileType = image.png; path = particleshipthruster.png; sourceTree = "<group>"; };
		6F2CB3481319F592001A10E3 /* structureturret.png */ = {isa = PBXFileReference; lastKnownFileType = image.png; path = structureturret.png; sourceTree = "<group>"; };
		6F2CB40D131A073C001A10E3 /* testsound.wav */ = {isa = PBXFileReference; lastKnownFileType = audio.wav; path = testsound.wav; sourceTree = "<group>"; };
		6F2CB46F131A24B9001A10E3 /* CraftSideBar.h */ = {isa = PBXFileReference; fileEncoding = 4; lastKnownFileType = sourcecode.c.h; path = CraftSideBar.h; sourceTree = "<group>"; };
		6F2CB470131A24B9001A10E3 /* CraftSideBar.m */ = {isa = PBXFileReference; fileEncoding = 4; lastKnownFileType = sourcecode.c.objc; path = CraftSideBar.m; sourceTree = "<group>"; };
		6F2CB54F131ACDCE001A10E3 /* CraftAndStructures.h */ = {isa = PBXFileReference; fileEncoding = 4; lastKnownFileType = sourcecode.c.h; path = CraftAndStructures.h; sourceTree = "<group>"; };
		6F2CB5DE131AED6D001A10E3 /* StructureSideBar.h */ = {isa = PBXFileReference; fileEncoding = 4; lastKnownFileType = sourcecode.c.h; path = StructureSideBar.h; sourceTree = "<group>"; };
		6F2CB5DF131AED6D001A10E3 /* StructureSideBar.m */ = {isa = PBXFileReference; fileEncoding = 4; lastKnownFileType = sourcecode.c.objc; path = StructureSideBar.m; sourceTree = "<group>"; };
		6F2CB877131D5ED6001A10E3 /* CamelCraftObject.h */ = {isa = PBXFileReference; fileEncoding = 4; lastKnownFileType = sourcecode.c.h; path = CamelCraftObject.h; sourceTree = "<group>"; };
		6F2CB878131D5ED6001A10E3 /* CamelCraftObject.m */ = {isa = PBXFileReference; fileEncoding = 4; lastKnownFileType = sourcecode.c.objc; path = CamelCraftObject.m; sourceTree = "<group>"; };
		6F2CB894131D61DF001A10E3 /* craftcamel.png */ = {isa = PBXFileReference; lastKnownFileType = image.png; path = craftcamel.png; sourceTree = "<group>"; };
		6F2CB91B131DD3CF001A10E3 /* RatCraftObject.h */ = {isa = PBXFileReference; fileEncoding = 4; lastKnownFileType = sourcecode.c.h; path = RatCraftObject.h; sourceTree = "<group>"; };
		6F2CB91C131DD3CF001A10E3 /* RatCraftObject.m */ = {isa = PBXFileReference; fileEncoding = 4; lastKnownFileType = sourcecode.c.objc; path = RatCraftObject.m; sourceTree = "<group>"; };
		6F2CB91E131DD42A001A10E3 /* SpiderCraftObject.h */ = {isa = PBXFileReference; fileEncoding = 4; lastKnownFileType = sourcecode.c.h; path = SpiderCraftObject.h; sourceTree = "<group>"; };
		6F2CB91F131DD42A001A10E3 /* SpiderCraftObject.m */ = {isa = PBXFileReference; fileEncoding = 4; lastKnownFileType = sourcecode.c.objc; path = SpiderCraftObject.m; sourceTree = "<group>"; };
		6F2CB921131DD452001A10E3 /* EagleCraftObject.h */ = {isa = PBXFileReference; fileEncoding = 4; lastKnownFileType = sourcecode.c.h; path = EagleCraftObject.h; sourceTree = "<group>"; };
		6F2CB922131DD452001A10E3 /* EagleCraftObject.m */ = {isa = PBXFileReference; fileEncoding = 4; lastKnownFileType = sourcecode.c.objc; path = EagleCraftObject.m; sourceTree = "<group>"; };
		6F2CB9A3131EB7F3001A10E3 /* SpiderDroneObject.h */ = {isa = PBXFileReference; fileEncoding = 4; lastKnownFileType = sourcecode.c.h; path = SpiderDroneObject.h; sourceTree = "<group>"; };
		6F2CB9A4131EB7F3001A10E3 /* SpiderDroneObject.m */ = {isa = PBXFileReference; fileEncoding = 4; lastKnownFileType = sourcecode.c.objc; path = SpiderDroneObject.m; sourceTree = "<group>"; };
		6F2CB9D1131EE517001A10E3 /* BroggutsSideBar.h */ = {isa = PBXFileReference; fileEncoding = 4; lastKnownFileType = sourcecode.c.h; path = BroggutsSideBar.h; sourceTree = "<group>"; };
		6F2CB9D2131EE517001A10E3 /* BroggutsSideBar.m */ = {isa = PBXFileReference; fileEncoding = 4; lastKnownFileType = sourcecode.c.objc; path = BroggutsSideBar.m; sourceTree = "<group>"; };
		6F5B456213285A7F008EC9CD /* Default-Landscape~ipad.png */ = {isa = PBXFileReference; lastKnownFileType = image.png; path = "Default-Landscape~ipad.png"; sourceTree = "<group>"; };
		6F67CBE01329480C0061B1A9 /* craftant.png */ = {isa = PBXFileReference; lastKnownFileType = image.png; path = craftant.png; sourceTree = "<group>"; };
		6F67CBE11329480C0061B1A9 /* craftbeetle.png */ = {isa = PBXFileReference; lastKnownFileType = image.png; path = craftbeetle.png; sourceTree = "<group>"; };
		6F67CBE21329480C0061B1A9 /* craftmoth.png */ = {isa = PBXFileReference; lastKnownFileType = image.png; path = craftmoth.png; sourceTree = "<group>"; };
		6F67CBE6132948170061B1A9 /* structurebasestation.png */ = {isa = PBXFileReference; lastKnownFileType = image.png; path = structurebasestation.png; sourceTree = "<group>"; };
		6F67CBE91329A1DF0061B1A9 /* MainMenuController.h */ = {isa = PBXFileReference; fileEncoding = 4; lastKnownFileType = sourcecode.c.h; path = MainMenuController.h; sourceTree = "<group>"; };
		6F67CBEA1329A1DF0061B1A9 /* MainMenuController.m */ = {isa = PBXFileReference; fileEncoding = 4; lastKnownFileType = sourcecode.c.objc; path = MainMenuController.m; sourceTree = "<group>"; };
		6F67CBEB1329A1DF0061B1A9 /* MainMenuController.xib */ = {isa = PBXFileReference; fileEncoding = 4; lastKnownFileType = file.xib; path = MainMenuController.xib; sourceTree = "<group>"; };
		6F67CBEE1329A4D70061B1A9 /* OptionsMenuController.h */ = {isa = PBXFileReference; fileEncoding = 4; lastKnownFileType = sourcecode.c.h; path = OptionsMenuController.h; sourceTree = "<group>"; };
		6F67CBEF1329A4D70061B1A9 /* OptionsMenuController.m */ = {isa = PBXFileReference; fileEncoding = 4; lastKnownFileType = sourcecode.c.objc; path = OptionsMenuController.m; sourceTree = "<group>"; };
		6F67CBF01329A4D80061B1A9 /* OptionsMenuController.xib */ = {isa = PBXFileReference; fileEncoding = 4; lastKnownFileType = file.xib; path = OptionsMenuController.xib; sourceTree = "<group>"; };
		6F67CBF31329A6600061B1A9 /* ProfileMenuController.h */ = {isa = PBXFileReference; fileEncoding = 4; lastKnownFileType = sourcecode.c.h; path = ProfileMenuController.h; sourceTree = "<group>"; };
		6F67CBF41329A6610061B1A9 /* ProfileMenuController.m */ = {isa = PBXFileReference; fileEncoding = 4; lastKnownFileType = sourcecode.c.objc; path = ProfileMenuController.m; sourceTree = "<group>"; };
		6F67CBF51329A6620061B1A9 /* ProfileMenuController.xib */ = {isa = PBXFileReference; fileEncoding = 4; lastKnownFileType = file.xib; path = ProfileMenuController.xib; sourceTree = "<group>"; };
		6F67CBF81329EECD0061B1A9 /* SkirmishMenuController.h */ = {isa = PBXFileReference; fileEncoding = 4; lastKnownFileType = sourcecode.c.h; path = SkirmishMenuController.h; sourceTree = "<group>"; };
		6F67CBF91329EECF0061B1A9 /* SkirmishMenuController.m */ = {isa = PBXFileReference; fileEncoding = 4; lastKnownFileType = sourcecode.c.objc; path = SkirmishMenuController.m; sourceTree = "<group>"; };
		6F67CBFA1329EED20061B1A9 /* SkirmishMenuController.xib */ = {isa = PBXFileReference; fileEncoding = 4; lastKnownFileType = file.xib; path = SkirmishMenuController.xib; sourceTree = "<group>"; };
		6F6A2C0F12FC7992002A4201 /* GameCenterSingleton.h */ = {isa = PBXFileReference; fileEncoding = 4; lastKnownFileType = sourcecode.c.h; path = GameCenterSingleton.h; sourceTree = "<group>"; };
		6F6A2C1012FC7992002A4201 /* GameCenterSingleton.m */ = {isa = PBXFileReference; fileEncoding = 4; lastKnownFileType = sourcecode.c.objc; path = GameCenterSingleton.m; sourceTree = "<group>"; };
		6F6A2C2312FC79AD002A4201 /* GameKit.framework */ = {isa = PBXFileReference; lastKnownFileType = wrapper.framework; name = GameKit.framework; path = System/Library/Frameworks/GameKit.framework; sourceTree = SDKROOT; };
		6F6A2D3912FFB130002A4201 /* GameCenterSingleton.xib */ = {isa = PBXFileReference; lastKnownFileType = file.xib; path = GameCenterSingleton.xib; sourceTree = "<group>"; };
		6F6A2E1612FFBF66002A4201 /* GameCenterStructs.h */ = {isa = PBXFileReference; fileEncoding = 4; lastKnownFileType = sourcecode.c.h; path = GameCenterStructs.h; sourceTree = "<group>"; };
		6F6A2F6E13019BE8002A4201 /* StarSingleton.h */ = {isa = PBXFileReference; fileEncoding = 4; lastKnownFileType = sourcecode.c.h; path = StarSingleton.h; sourceTree = "<group>"; };
		6F6A2F6F13019BE8002A4201 /* StarSingleton.m */ = {isa = PBXFileReference; fileEncoding = 4; lastKnownFileType = sourcecode.c.objc; path = StarSingleton.m; sourceTree = "<group>"; };
		6F6A2FAC1301A782002A4201 /* smallbroggut.png */ = {isa = PBXFileReference; lastKnownFileType = image.png; path = smallbroggut.png; sourceTree = "<group>"; };
		6F8ACF50131F109000B67BB5 /* craftspider.png */ = {isa = PBXFileReference; lastKnownFileType = image.png; path = craftspider.png; sourceTree = "<group>"; };
		6F8ACF51131F109000B67BB5 /* craftspiderdrone.png */ = {isa = PBXFileReference; lastKnownFileType = image.png; path = craftspiderdrone.png; sourceTree = "<group>"; };
		6F8B8230130678BD009CD1BF /* BaseCampSaved.plist */ = {isa = PBXFileReference; fileEncoding = 4; lastKnownFileType = text.plist.xml; path = BaseCampSaved.plist; sourceTree = "<group>"; };
		6F8B842F13072035009CD1BF /* Default-Landscape.png */ = {isa = PBXFileReference; lastKnownFileType = image.png; path = "Default-Landscape.png"; sourceTree = "<group>"; };
		6F8B859C13074552009CD1BF /* SideBarController.h */ = {isa = PBXFileReference; fileEncoding = 4; lastKnownFileType = sourcecode.c.h; path = SideBarController.h; sourceTree = "<group>"; };
		6F8B859D13074552009CD1BF /* SideBarController.m */ = {isa = PBXFileReference; fileEncoding = 4; lastKnownFileType = sourcecode.c.objc; path = SideBarController.m; sourceTree = "<group>"; };
		6F8B869B13076AE0009CD1BF /* PlayerProfile.h */ = {isa = PBXFileReference; fileEncoding = 4; lastKnownFileType = sourcecode.c.h; path = PlayerProfile.h; sourceTree = "<group>"; };
		6F8B869C13076AE0009CD1BF /* PlayerProfile.m */ = {isa = PBXFileReference; fileEncoding = 4; lastKnownFileType = sourcecode.c.objc; path = PlayerProfile.m; sourceTree = "<group>"; };
		6F8B874E13078660009CD1BF /* StructureObject.h */ = {isa = PBXFileReference; fileEncoding = 4; lastKnownFileType = sourcecode.c.h; path = StructureObject.h; sourceTree = "<group>"; };
		6F8B874F13078660009CD1BF /* StructureObject.m */ = {isa = PBXFileReference; fileEncoding = 4; lastKnownFileType = sourcecode.c.objc; path = StructureObject.m; sourceTree = "<group>"; };
		6F8B8751130787A9009CD1BF /* CraftObject.h */ = {isa = PBXFileReference; fileEncoding = 4; lastKnownFileType = sourcecode.c.h; path = CraftObject.h; sourceTree = "<group>"; };
		6F8B8752130787A9009CD1BF /* CraftObject.m */ = {isa = PBXFileReference; fileEncoding = 4; lastKnownFileType = sourcecode.c.objc; path = CraftObject.m; sourceTree = "<group>"; };
		6F8B885A1307A7DE009CD1BF /* BroggutObject.h */ = {isa = PBXFileReference; fileEncoding = 4; lastKnownFileType = sourcecode.c.h; path = BroggutObject.h; sourceTree = "<group>"; };
		6F8B885B1307A7DE009CD1BF /* BroggutObject.m */ = {isa = PBXFileReference; fileEncoding = 4; lastKnownFileType = sourcecode.c.objc; path = BroggutObject.m; sourceTree = "<group>"; };
		6F8B88C31307B38B009CD1BF /* blair.fnt */ = {isa = PBXFileReference; fileEncoding = 4; lastKnownFileType = text; path = blair.fnt; sourceTree = "<group>"; };
		6F8B88C41307B38B009CD1BF /* blair.png */ = {isa = PBXFileReference; lastKnownFileType = image.png; path = blair.png; sourceTree = "<group>"; };
		6F8B8A0E130884C2009CD1BF /* BroggutGenerator.h */ = {isa = PBXFileReference; fileEncoding = 4; lastKnownFileType = sourcecode.c.h; path = BroggutGenerator.h; sourceTree = "<group>"; };
		6F8B8A0F130884C2009CD1BF /* BroggutGenerator.mm */ = {isa = PBXFileReference; fileEncoding = 4; lastKnownFileType = sourcecode.cpp.objcpp; path = BroggutGenerator.mm; sourceTree = "<group>"; };
		6F8B8A2E13089180009CD1BF /* ShapeGenerator.h */ = {isa = PBXFileReference; fileEncoding = 4; lastKnownFileType = sourcecode.c.h; path = ShapeGenerator.h; sourceTree = "<group>"; };
		6F8B8A2F13089180009CD1BF /* ShapeGenerator.mm */ = {isa = PBXFileReference; fileEncoding = 4; lastKnownFileType = sourcecode.cpp.objcpp; path = ShapeGenerator.mm; sourceTree = "<group>"; };
		6F8B8D0A130B5DD1009CD1BF /* SideBarObject.h */ = {isa = PBXFileReference; fileEncoding = 4; lastKnownFileType = sourcecode.c.h; path = SideBarObject.h; sourceTree = "<group>"; };
		6F8B8D0B130B5DD1009CD1BF /* SideBarObject.m */ = {isa = PBXFileReference; fileEncoding = 4; lastKnownFileType = sourcecode.c.objc; path = SideBarObject.m; sourceTree = "<group>"; };
		6F8B8E09130C8347009CD1BF /* AntCraftObject.h */ = {isa = PBXFileReference; fileEncoding = 4; lastKnownFileType = sourcecode.c.h; path = AntCraftObject.h; sourceTree = "<group>"; };
		6F8B8E0A130C8347009CD1BF /* AntCraftObject.m */ = {isa = PBXFileReference; fileEncoding = 4; lastKnownFileType = sourcecode.c.objc; path = AntCraftObject.m; sourceTree = "<group>"; };
		6F8B8E26130C8885009CD1BF /* ParticleSingleton.h */ = {isa = PBXFileReference; fileEncoding = 4; lastKnownFileType = sourcecode.c.h; path = ParticleSingleton.h; sourceTree = "<group>"; };
		6F8B8E27130C8885009CD1BF /* ParticleSingleton.m */ = {isa = PBXFileReference; fileEncoding = 4; lastKnownFileType = sourcecode.c.objc; path = ParticleSingleton.m; sourceTree = "<group>"; };
		6F8B8E4A130C8FCB009CD1BF /* broggutParticle.pex */ = {isa = PBXFileReference; fileEncoding = 4; lastKnownFileType = text; path = broggutParticle.pex; sourceTree = "<group>"; };
		6F8B8E4B130C8FCB009CD1BF /* buildLocationParticle.pex */ = {isa = PBXFileReference; fileEncoding = 4; lastKnownFileType = text; path = buildLocationParticle.pex; sourceTree = "<group>"; };
		6F8B8E4C130C8FCB009CD1BF /* laserParticle.pex */ = {isa = PBXFileReference; fileEncoding = 4; lastKnownFileType = text; path = laserParticle.pex; sourceTree = "<group>"; };
		6F8B8E4D130C8FCB009CD1BF /* shipPartsParticle.pex */ = {isa = PBXFileReference; fileEncoding = 4; lastKnownFileType = text; path = shipPartsParticle.pex; sourceTree = "<group>"; };
		6F8B8E4E130C8FCB009CD1BF /* shipThrusterParticle.pex */ = {isa = PBXFileReference; fileEncoding = 4; lastKnownFileType = text; path = shipThrusterParticle.pex; sourceTree = "<group>"; };
		6F8B8E85130C91D5009CD1BF /* defaultTexture.png */ = {isa = PBXFileReference; lastKnownFileType = image.png; path = defaultTexture.png; sourceTree = "<group>"; };
		6FAD51F31304579100E5E98F /* gothic.fnt */ = {isa = PBXFileReference; fileEncoding = 4; lastKnownFileType = text; path = gothic.fnt; sourceTree = "<group>"; };
		6FAD51F41304579100E5E98F /* gothic.png */ = {isa = PBXFileReference; lastKnownFileType = image.png; path = gothic.png; sourceTree = "<group>"; };
		6FAD539A13049A6400E5E98F /* TouchableObject.h */ = {isa = PBXFileReference; fileEncoding = 4; lastKnownFileType = sourcecode.c.h; path = TouchableObject.h; sourceTree = "<group>"; };
		6FAD539B13049A6400E5E98F /* TouchableObject.m */ = {isa = PBXFileReference; fileEncoding = 4; lastKnownFileType = sourcecode.c.objc; path = TouchableObject.m; sourceTree = "<group>"; };
		6FC98B2012FB1FB4003F9D9A /* starTexture.png */ = {isa = PBXFileReference; lastKnownFileType = image.png; path = starTexture.png; sourceTree = "<group>"; };
		6FCAC69612F75BB500662BDA /* GameplayConstants.h */ = {isa = PBXFileReference; fileEncoding = 4; lastKnownFileType = sourcecode.c.h; name = GameplayConstants.h; path = Classes/GameplayConstants.h; sourceTree = "<group>"; };
		6FCAC71512F7CDB300662BDA /* Image.h */ = {isa = PBXFileReference; fileEncoding = 4; lastKnownFileType = sourcecode.c.h; path = Image.h; sourceTree = "<group>"; };
		6FCAC71612F7CDB300662BDA /* Image.m */ = {isa = PBXFileReference; fileEncoding = 4; lastKnownFileType = sourcecode.c.objc; path = Image.m; sourceTree = "<group>"; };
		6FCAC71812F7CDD100662BDA /* ImageRenderSingleton.h */ = {isa = PBXFileReference; fileEncoding = 4; lastKnownFileType = sourcecode.c.h; path = ImageRenderSingleton.h; sourceTree = "<group>"; };
		6FCAC71912F7CDD100662BDA /* ImageRenderSingleton.m */ = {isa = PBXFileReference; fileEncoding = 4; lastKnownFileType = sourcecode.c.objc; path = ImageRenderSingleton.m; sourceTree = "<group>"; };
		6FCAC72912F7CE4E00662BDA /* SoundSingleton.h */ = {isa = PBXFileReference; fileEncoding = 4; lastKnownFileType = sourcecode.c.h; path = SoundSingleton.h; sourceTree = "<group>"; };
		6FCAC72A12F7CE4E00662BDA /* SoundSingleton.m */ = {isa = PBXFileReference; fileEncoding = 4; lastKnownFileType = sourcecode.c.objc; path = SoundSingleton.m; sourceTree = "<group>"; };
		6FCAC72C12F7CE6700662BDA /* Texture2D.h */ = {isa = PBXFileReference; fileEncoding = 4; lastKnownFileType = sourcecode.c.h; path = Texture2D.h; sourceTree = "<group>"; };
		6FCAC72D12F7CE6700662BDA /* Texture2D.m */ = {isa = PBXFileReference; fileEncoding = 4; lastKnownFileType = sourcecode.c.objc; path = Texture2D.m; sourceTree = "<group>"; };
		6FCAC72F12F7CE7300662BDA /* TextureSingleton.h */ = {isa = PBXFileReference; fileEncoding = 4; lastKnownFileType = sourcecode.c.h; path = TextureSingleton.h; sourceTree = "<group>"; };
		6FCAC73012F7CE7300662BDA /* TextureSingleton.m */ = {isa = PBXFileReference; fileEncoding = 4; lastKnownFileType = sourcecode.c.objc; path = TextureSingleton.m; sourceTree = "<group>"; };
		6FCAC74B12F7D29700662BDA /* Global.h */ = {isa = PBXFileReference; fileEncoding = 4; lastKnownFileType = sourcecode.c.h; path = Global.h; sourceTree = "<group>"; };
		6FCAC74C12F7D2F800662BDA /* Structures.h */ = {isa = PBXFileReference; fileEncoding = 4; lastKnownFileType = sourcecode.c.h; path = Structures.h; sourceTree = "<group>"; };
		6FCAC76912F7D3D700662BDA /* Transform2D.h */ = {isa = PBXFileReference; fileEncoding = 4; lastKnownFileType = sourcecode.c.h; path = Transform2D.h; sourceTree = "<group>"; };
		6FCAC7DD12F863A200662BDA /* GameController.h */ = {isa = PBXFileReference; fileEncoding = 4; lastKnownFileType = sourcecode.c.h; path = GameController.h; sourceTree = "<group>"; };
		6FCAC7DE12F863A200662BDA /* GameController.m */ = {isa = PBXFileReference; fileEncoding = 4; lastKnownFileType = sourcecode.c.objc; path = GameController.m; sourceTree = "<group>"; };
		6FCAC91A12F86B6E00662BDA /* MyOpenALSupport.h */ = {isa = PBXFileReference; fileEncoding = 4; lastKnownFileType = sourcecode.c.h; path = MyOpenALSupport.h; sourceTree = "<group>"; };
		6FCAC91B12F86B7400662BDA /* MyOpenALSupport.c */ = {isa = PBXFileReference; fileEncoding = 4; lastKnownFileType = sourcecode.c.c; path = MyOpenALSupport.c; sourceTree = "<group>"; };
		6FCAC94212F86BBD00662BDA /* OpenAL.framework */ = {isa = PBXFileReference; lastKnownFileType = wrapper.framework; name = OpenAL.framework; path = /System/Library/Frameworks/OpenAL.framework; sourceTree = "<absolute>"; };
		6FCAC94C12F86BC400662BDA /* AVFoundation.framework */ = {isa = PBXFileReference; lastKnownFileType = wrapper.framework; name = AVFoundation.framework; path = System/Library/Frameworks/AVFoundation.framework; sourceTree = SDKROOT; };
		6FCAC97C12F86BDB00662BDA /* CoreGraphics.framework */ = {isa = PBXFileReference; lastKnownFileType = wrapper.framework; name = CoreGraphics.framework; path = System/Library/Frameworks/CoreGraphics.framework; sourceTree = SDKROOT; };
		6FCAC9A112F86BEF00662BDA /* AudioToolbox.framework */ = {isa = PBXFileReference; lastKnownFileType = wrapper.framework; name = AudioToolbox.framework; path = /System/Library/Frameworks/AudioToolbox.framework; sourceTree = "<absolute>"; };
		6FCACA0D12F870DA00662BDA /* ParticleEmitter.h */ = {isa = PBXFileReference; fileEncoding = 4; lastKnownFileType = sourcecode.c.h; path = ParticleEmitter.h; sourceTree = "<group>"; };
		6FCACA0E12F870DA00662BDA /* ParticleEmitter.m */ = {isa = PBXFileReference; fileEncoding = 4; lastKnownFileType = sourcecode.c.objc; path = ParticleEmitter.m; sourceTree = "<group>"; };
		6FCACA1612F8710000662BDA /* TBXML.h */ = {isa = PBXFileReference; fileEncoding = 4; lastKnownFileType = sourcecode.c.h; path = TBXML.h; sourceTree = "<group>"; };
		6FCACA1712F8710000662BDA /* TBXML.m */ = {isa = PBXFileReference; fileEncoding = 4; lastKnownFileType = sourcecode.c.objc; path = TBXML.m; sourceTree = "<group>"; };
		6FCACA1812F8710000662BDA /* TBXMLParticleAdditions.h */ = {isa = PBXFileReference; fileEncoding = 4; lastKnownFileType = sourcecode.c.h; path = TBXMLParticleAdditions.h; sourceTree = "<group>"; };
		6FCACA1912F8710000662BDA /* TBXMLParticleAdditions.m */ = {isa = PBXFileReference; fileEncoding = 4; lastKnownFileType = sourcecode.c.objc; path = TBXMLParticleAdditions.m; sourceTree = "<group>"; };
		6FCACA2B12F8717400662BDA /* NSDataAdditions.h */ = {isa = PBXFileReference; fileEncoding = 4; lastKnownFileType = sourcecode.c.h; path = NSDataAdditions.h; sourceTree = "<group>"; };
		6FCACA2C12F8717400662BDA /* NSDataAdditions.m */ = {isa = PBXFileReference; fileEncoding = 4; lastKnownFileType = sourcecode.c.objc; path = NSDataAdditions.m; sourceTree = "<group>"; };
		6FCACA3412F871D300662BDA /* libz.dylib */ = {isa = PBXFileReference; lastKnownFileType = "compiled.mach-o.dylib"; name = libz.dylib; path = usr/lib/libz.dylib; sourceTree = SDKROOT; };
		6FCACA4E12F9DDCD00662BDA /* BroggutScene.h */ = {isa = PBXFileReference; fileEncoding = 4; lastKnownFileType = sourcecode.c.h; path = BroggutScene.h; sourceTree = "<group>"; };
		6FCACA4F12F9DDCD00662BDA /* BroggutScene.m */ = {isa = PBXFileReference; fileEncoding = 4; lastKnownFileType = sourcecode.c.objc; path = BroggutScene.m; sourceTree = "<group>"; };
		6FE75B1A13036DB400A3C6EF /* CollisionManager.h */ = {isa = PBXFileReference; fileEncoding = 4; lastKnownFileType = sourcecode.c.h; path = CollisionManager.h; sourceTree = "<group>"; };
		6FE75B1B13036DB400A3C6EF /* CollisionManager.mm */ = {isa = PBXFileReference; fileEncoding = 4; lastKnownFileType = sourcecode.cpp.objcpp; path = CollisionManager.mm; sourceTree = "<group>"; };
		6FE75B2C1303704100A3C6EF /* CollidableObject.h */ = {isa = PBXFileReference; fileEncoding = 4; lastKnownFileType = sourcecode.c.h; path = CollidableObject.h; sourceTree = "<group>"; };
		6FE75B2D1303704100A3C6EF /* CollidableObject.m */ = {isa = PBXFileReference; fileEncoding = 4; lastKnownFileType = sourcecode.c.objc; path = CollidableObject.m; sourceTree = "<group>"; };
		6FE75F30130454BB00A3C6EF /* BitmapFont.h */ = {isa = PBXFileReference; fileEncoding = 4; lastKnownFileType = sourcecode.c.h; path = BitmapFont.h; sourceTree = "<group>"; };
		6FE75F31130454BB00A3C6EF /* BitmapFont.m */ = {isa = PBXFileReference; fileEncoding = 4; lastKnownFileType = sourcecode.c.objc; path = BitmapFont.m; sourceTree = "<group>"; };
		6FF6642C1305AF4500EB76A8 /* TextObject.h */ = {isa = PBXFileReference; fileEncoding = 4; lastKnownFileType = sourcecode.c.h; path = TextObject.h; sourceTree = "<group>"; };
		6FF6642D1305AF4500EB76A8 /* TextObject.m */ = {isa = PBXFileReference; fileEncoding = 4; lastKnownFileType = sourcecode.c.objc; path = TextObject.m; sourceTree = "<group>"; };
		6FF665031305D11900EB76A8 /* Primitives.h */ = {isa = PBXFileReference; fileEncoding = 4; lastKnownFileType = sourcecode.c.h; path = Primitives.h; sourceTree = "<group>"; };
		6FF666901305FBAC00EB76A8 /* ControllableObject.h */ = {isa = PBXFileReference; fileEncoding = 4; lastKnownFileType = sourcecode.c.h; path = ControllableObject.h; sourceTree = "<group>"; };
		6FF666911305FBAC00EB76A8 /* ControllableObject.m */ = {isa = PBXFileReference; fileEncoding = 4; lastKnownFileType = sourcecode.c.objc; path = ControllableObject.m; sourceTree = "<group>"; };
		8D1107310486CEB800E47090 /* OpenGLEngine-Info.plist */ = {isa = PBXFileReference; fileEncoding = 4; lastKnownFileType = text.plist.xml; path = "OpenGLEngine-Info.plist"; plistStructureDefinitionIdentifier = "com.apple.xcode.plist.structure-definition.iphone.info-plist"; sourceTree = "<group>"; };
/* End PBXFileReference section */

/* Begin PBXFrameworksBuildPhase section */
		1D60588F0D05DD3D006BFB54 /* Frameworks */ = {
			isa = PBXFrameworksBuildPhase;
			buildActionMask = 2147483647;
			files = (
				1D60589F0D05DD5A006BFB54 /* Foundation.framework in Frameworks */,
				1DF5F4E00D08C38300B7A737 /* UIKit.framework in Frameworks */,
				28FD15000DC6FC520079059D /* OpenGLES.framework in Frameworks */,
				28FD15080DC6FC5B0079059D /* QuartzCore.framework in Frameworks */,
				6FCAC94312F86BBD00662BDA /* OpenAL.framework in Frameworks */,
				6FCAC94D12F86BC400662BDA /* AVFoundation.framework in Frameworks */,
				6FCAC97D12F86BDB00662BDA /* CoreGraphics.framework in Frameworks */,
				6FCAC9A212F86BEF00662BDA /* AudioToolbox.framework in Frameworks */,
				6FCACA3512F871D300662BDA /* libz.dylib in Frameworks */,
				6F6A2C2412FC79AD002A4201 /* GameKit.framework in Frameworks */,
			);
			runOnlyForDeploymentPostprocessing = 0;
		};
/* End PBXFrameworksBuildPhase section */

/* Begin PBXGroup section */
		080E96DDFE201D6D7F000001 /* OpenGL */ = {
			isa = PBXGroup;
			children = (
				6FCAC72F12F7CE7300662BDA /* TextureSingleton.h */,
				6FCAC73012F7CE7300662BDA /* TextureSingleton.m */,
				6FCAC72C12F7CE6700662BDA /* Texture2D.h */,
				6FCAC72D12F7CE6700662BDA /* Texture2D.m */,
				2514C26D10084DB100A42282 /* ES1Renderer.h */,
				2514C26E10084DB100A42282 /* ES1Renderer.m */,
				2514C26F10084DB100A42282 /* ES2Renderer.h */,
				2514C27010084DB100A42282 /* ES2Renderer.m */,
				2514C27110084DB100A42282 /* ESRenderer.h */,
				28FD14FC0DC6FC130079059D /* EAGLView.h */,
				28FD14FD0DC6FC130079059D /* EAGLView.m */,
			);
			name = OpenGL;
			path = Classes;
			sourceTree = "<group>";
		};
		19C28FACFE9D520D11CA2CBB /* Products */ = {
			isa = PBXGroup;
			children = (
				1D6058910D05DD3D006BFB54 /* OpenGLEngine.app */,
			);
			name = Products;
			sourceTree = "<group>";
		};
		2514C27610084DB600A42282 /* Shaders */ = {
			isa = PBXGroup;
			children = (
				2514C27910084DCA00A42282 /* Shader.fsh */,
				2514C27A10084DCA00A42282 /* Shader.vsh */,
			);
			name = Shaders;
			sourceTree = "<group>";
		};
		29B97314FDCFA39411CA2CEA /* CustomTemplate */ = {
			isa = PBXGroup;
			children = (
				6FE75E9E13044C6000A3C6EF /* Bitmap Fonts */,
				6FE75B2B13036ECB00A3C6EF /* Object Management */,
				6FE758B01302FFE400A3C6EF /* Scenes */,
				6F27EE061324114200579EE5 /* Artificial Intelligance */,
				6FCAC71B12F7CDE200662BDA /* Game Control */,
				6F6A2C0D12FC7982002A4201 /* GameCenter */,
				6FCACA1212F870F000662BDA /* TBXML */,
				6FCACA0A12F870D500662BDA /* Particles */,
				6FCAC72812F7CE4000662BDA /* Sound */,
				6FCAC71312F7CD5C00662BDA /* Constants */,
				6FCAC71412F7CD8A00662BDA /* Image Rendering */,
				080E96DDFE201D6D7F000001 /* OpenGL */,
				2514C27610084DB600A42282 /* Shaders */,
				29B97315FDCFA39411CA2CEA /* Other Sources */,
				29B97317FDCFA39411CA2CEA /* Resources */,
				29B97323FDCFA39411CA2CEA /* Frameworks */,
				19C28FACFE9D520D11CA2CBB /* Products */,
			);
			name = CustomTemplate;
			sourceTree = "<group>";
		};
		29B97315FDCFA39411CA2CEA /* Other Sources */ = {
			isa = PBXGroup;
			children = (
				32CA4F630368D1EE00C91783 /* OpenGLEngine_Prefix.pch */,
				29B97316FDCFA39411CA2CEA /* main.m */,
			);
			name = "Other Sources";
			sourceTree = "<group>";
		};
		29B97317FDCFA39411CA2CEA /* Resources */ = {
			isa = PBXGroup;
			children = (
				6F2CB40D131A073C001A10E3 /* testsound.wav */,
				6F8B878913078E34009CD1BF /* Images */,
				6F8B878A13078E3F009CD1BF /* Scenes */,
				28AD733E0D9D9553002E5188 /* MainWindow.xib */,
				8D1107310486CEB800E47090 /* OpenGLEngine-Info.plist */,
			);
			name = Resources;
			sourceTree = "<group>";
		};
		29B97323FDCFA39411CA2CEA /* Frameworks */ = {
			isa = PBXGroup;
			children = (
				6F6A2C2312FC79AD002A4201 /* GameKit.framework */,
				6FCACA3412F871D300662BDA /* libz.dylib */,
				6FCAC9A112F86BEF00662BDA /* AudioToolbox.framework */,
				6FCAC97C12F86BDB00662BDA /* CoreGraphics.framework */,
				6FCAC94C12F86BC400662BDA /* AVFoundation.framework */,
				6FCAC94212F86BBD00662BDA /* OpenAL.framework */,
				28FD15070DC6FC5B0079059D /* QuartzCore.framework */,
				28FD14FF0DC6FC520079059D /* OpenGLES.framework */,
				1DF5F4DF0D08C38300B7A737 /* UIKit.framework */,
				1D30AB110D05D00D00671497 /* Foundation.framework */,
			);
			name = Frameworks;
			sourceTree = "<group>";
		};
		6F27EE061324114200579EE5 /* Artificial Intelligance */ = {
			isa = PBXGroup;
			children = (
				6F27EE081324118B00579EE5 /* AIController.h */,
				6F27EE091324118B00579EE5 /* AIController.m */,
			);
			name = "Artificial Intelligance";
			sourceTree = "<group>";
		};
		6F2CAD38131714E0001A10E3 /* Structures */ = {
			isa = PBXGroup;
			children = (
				6F2CADB713171F37001A10E3 /* Normal Structures */,
				6F2CADB813171F52001A10E3 /* Station Structures */,
			);
			name = Structures;
			sourceTree = "<group>";
		};
		6F2CADA313171EB3001A10E3 /* Basic Craft */ = {
			isa = PBXGroup;
			children = (
				6F8B8E09130C8347009CD1BF /* AntCraftObject.h */,
				6F8B8E0A130C8347009CD1BF /* AntCraftObject.m */,
				6F2CAD9A13171E70001A10E3 /* MothCraftObject.h */,
				6F2CAD9B13171E70001A10E3 /* MothCraftObject.m */,
				6F2CAD9D13171E94001A10E3 /* BeetleCraftObject.h */,
				6F2CAD9E13171E94001A10E3 /* BeetleCraftObject.m */,
				6F2CADA013171EA6001A10E3 /* MonarchCraftObject.h */,
				6F2CADA113171EA6001A10E3 /* MonarchCraftObject.m */,
			);
			name = "Basic Craft";
			sourceTree = "<group>";
		};
		6F2CADB713171F37001A10E3 /* Normal Structures */ = {
			isa = PBXGroup;
			children = (
				6F2CAD7313171B7E001A10E3 /* BlockStructureObject.h */,
				6F2CAD7413171B7E001A10E3 /* BlockStructureObject.m */,
				6F2CAD7013171B58001A10E3 /* TurretStructureObject.h */,
				6F2CAD7113171B58001A10E3 /* TurretStructureObject.m */,
				6F2CADB113171F11001A10E3 /* RadarStructureObject.h */,
				6F2CADB213171F11001A10E3 /* RadarStructureObject.m */,
				6F2CADB413171F23001A10E3 /* FixerStructureObject.h */,
				6F2CADB513171F23001A10E3 /* FixerStructureObject.m */,
			);
			name = "Normal Structures";
			sourceTree = "<group>";
		};
		6F2CADB813171F52001A10E3 /* Station Structures */ = {
			isa = PBXGroup;
			children = (
				6F2CAD3A13171501001A10E3 /* BaseStationStructureObject.h */,
				6F2CAD3B13171501001A10E3 /* BaseStationStructureObject.m */,
			);
			name = "Station Structures";
			sourceTree = "<group>";
		};
		6F2CAE6213172DA1001A10E3 /* Specific Side Bars */ = {
			isa = PBXGroup;
			children = (
				6F2CAE5F13172D9A001A10E3 /* MainMenuSideBar.h */,
				6F2CAE6013172D9A001A10E3 /* MainMenuSideBar.m */,
				6F2CB9D1131EE517001A10E3 /* BroggutsSideBar.h */,
				6F2CB9D2131EE517001A10E3 /* BroggutsSideBar.m */,
				6F2CB46F131A24B9001A10E3 /* CraftSideBar.h */,
				6F2CB470131A24B9001A10E3 /* CraftSideBar.m */,
				6F2CB5DE131AED6D001A10E3 /* StructureSideBar.h */,
				6F2CB5DF131AED6D001A10E3 /* StructureSideBar.m */,
			);
			name = "Specific Side Bars";
			sourceTree = "<group>";
		};
		6F2CB0311318D872001A10E3 /* Particles */ = {
			isa = PBXGroup;
			children = (
				6FC98B2012FB1FB4003F9D9A /* starTexture.png */,
				6F8B8E85130C91D5009CD1BF /* defaultTexture.png */,
				6F2CB2A51319EC26001A10E3 /* particlebroggut.png */,
				6F2CB2A61319EC26001A10E3 /* particleshippart.png */,
				6F2CB2A71319EC26001A10E3 /* particleshipthruster.png */,
			);
			name = Particles;
			sourceTree = "<group>";
		};
		6F2CB869131D5D6D001A10E3 /* Advanced Craft */ = {
			isa = PBXGroup;
			children = (
				6F2CB877131D5ED6001A10E3 /* CamelCraftObject.h */,
				6F2CB878131D5ED6001A10E3 /* CamelCraftObject.m */,
				6F2CB91B131DD3CF001A10E3 /* RatCraftObject.h */,
				6F2CB91C131DD3CF001A10E3 /* RatCraftObject.m */,
				6F2CB91E131DD42A001A10E3 /* SpiderCraftObject.h */,
				6F2CB91F131DD42A001A10E3 /* SpiderCraftObject.m */,
				6F2CB9A3131EB7F3001A10E3 /* SpiderDroneObject.h */,
				6F2CB9A4131EB7F3001A10E3 /* SpiderDroneObject.m */,
				6F2CB921131DD452001A10E3 /* EagleCraftObject.h */,
				6F2CB922131DD452001A10E3 /* EagleCraftObject.m */,
			);
			name = "Advanced Craft";
			sourceTree = "<group>";
		};
		6F67CBE81329A19E0061B1A9 /* Menu Controllers */ = {
			isa = PBXGroup;
			children = (
				6F67CBE91329A1DF0061B1A9 /* MainMenuController.h */,
				6F67CBEA1329A1DF0061B1A9 /* MainMenuController.m */,
				6F67CBEB1329A1DF0061B1A9 /* MainMenuController.xib */,
				6F67CBEE1329A4D70061B1A9 /* OptionsMenuController.h */,
				6F67CBEF1329A4D70061B1A9 /* OptionsMenuController.m */,
				6F67CBF01329A4D80061B1A9 /* OptionsMenuController.xib */,
				6F67CBF31329A6600061B1A9 /* ProfileMenuController.h */,
				6F67CBF41329A6610061B1A9 /* ProfileMenuController.m */,
				6F67CBF51329A6620061B1A9 /* ProfileMenuController.xib */,
				6F67CBF81329EECD0061B1A9 /* SkirmishMenuController.h */,
				6F67CBF91329EECF0061B1A9 /* SkirmishMenuController.m */,
				6F67CBFA1329EED20061B1A9 /* SkirmishMenuController.xib */,
			);
			name = "Menu Controllers";
			sourceTree = "<group>";
		};
		6F6A2C0D12FC7982002A4201 /* GameCenter */ = {
			isa = PBXGroup;
			children = (
				6F6A2C0F12FC7992002A4201 /* GameCenterSingleton.h */,
				6F6A2C1012FC7992002A4201 /* GameCenterSingleton.m */,
				6F6A2D3912FFB130002A4201 /* GameCenterSingleton.xib */,
			);
			name = GameCenter;
			sourceTree = "<group>";
		};
		6F8B82361306E8BE009CD1BF /* Objects */ = {
			isa = PBXGroup;
			children = (
				6FE75B2C1303704100A3C6EF /* CollidableObject.h */,
				6FE75B2D1303704100A3C6EF /* CollidableObject.m */,
				6FAD539A13049A6400E5E98F /* TouchableObject.h */,
				6FAD539B13049A6400E5E98F /* TouchableObject.m */,
				6FF6642C1305AF4500EB76A8 /* TextObject.h */,
				6FF6642D1305AF4500EB76A8 /* TextObject.m */,
				6FF666901305FBAC00EB76A8 /* ControllableObject.h */,
				6FF666911305FBAC00EB76A8 /* ControllableObject.m */,
				6F8B885A1307A7DE009CD1BF /* BroggutObject.h */,
				6F8B885B1307A7DE009CD1BF /* BroggutObject.m */,
				6F8B874E13078660009CD1BF /* StructureObject.h */,
				6F8B874F13078660009CD1BF /* StructureObject.m */,
				6F8B8751130787A9009CD1BF /* CraftObject.h */,
				6F8B8752130787A9009CD1BF /* CraftObject.m */,
			);
			name = Objects;
			sourceTree = "<group>";
		};
		6F8B878913078E34009CD1BF /* Images */ = {
			isa = PBXGroup;
			children = (
				6F2CB0311318D872001A10E3 /* Particles */,
				6F8B878E13078E7E009CD1BF /* Brogguts */,
				6F8B878D13078E68009CD1BF /* Craft */,
				6F8B878C13078E62009CD1BF /* Structures */,
				6F8B878B13078E57009CD1BF /* Misc */,
			);
			name = Images;
			sourceTree = "<group>";
		};
		6F8B878A13078E3F009CD1BF /* Scenes */ = {
			isa = PBXGroup;
			children = (
				6F120007130633D6003CDDD6 /* BaseCamp.plist */,
				6F8B8230130678BD009CD1BF /* BaseCampSaved.plist */,
			);
			name = Scenes;
			sourceTree = "<group>";
		};
		6F8B878B13078E57009CD1BF /* Misc */ = {
			isa = PBXGroup;
			children = (
				6F5B456213285A7F008EC9CD /* Default-Landscape~ipad.png */,
				6F8B842F13072035009CD1BF /* Default-Landscape.png */,
			);
			name = Misc;
			sourceTree = "<group>";
		};
		6F8B878C13078E62009CD1BF /* Structures */ = {
			isa = PBXGroup;
			children = (
				6F67CBE6132948170061B1A9 /* structurebasestation.png */,
				6F27EBC41321605C00579EE5 /* structurefixer.png */,
				6F2CADC013172529001A10E3 /* structureblock.png */,
				6F2CB3481319F592001A10E3 /* structureturret.png */,
			);
			name = Structures;
			sourceTree = "<group>";
		};
		6F8B878D13078E68009CD1BF /* Craft */ = {
			isa = PBXGroup;
			children = (
				6F67CBE01329480C0061B1A9 /* craftant.png */,
				6F67CBE11329480C0061B1A9 /* craftbeetle.png */,
				6F67CBE21329480C0061B1A9 /* craftmoth.png */,
				6F8ACF50131F109000B67BB5 /* craftspider.png */,
				6F8ACF51131F109000B67BB5 /* craftspiderdrone.png */,
				6F2CB894131D61DF001A10E3 /* craftcamel.png */,
				6F2CB139131973A9001A10E3 /* craftmonarch.png */,
			);
			name = Craft;
			sourceTree = "<group>";
		};
		6F8B878E13078E7E009CD1BF /* Brogguts */ = {
			isa = PBXGroup;
			children = (
				6F6A2FAC1301A782002A4201 /* smallbroggut.png */,
			);
			name = Brogguts;
			sourceTree = "<group>";
		};
		6F8B8CF1130B5867009CD1BF /* Side Bar */ = {
			isa = PBXGroup;
			children = (
				6F8B859C13074552009CD1BF /* SideBarController.h */,
				6F8B859D13074552009CD1BF /* SideBarController.m */,
				6F8B8D0A130B5DD1009CD1BF /* SideBarObject.h */,
				6F8B8D0B130B5DD1009CD1BF /* SideBarObject.m */,
				6F2CAEF113173BA7001A10E3 /* SideBarButton.h */,
				6F2CAEF213173BA7001A10E3 /* SideBarButton.m */,
				6F2CAE6213172DA1001A10E3 /* Specific Side Bars */,
			);
			name = "Side Bar";
			sourceTree = "<group>";
		};
		6F8B8E08130C8322009CD1BF /* Crafts */ = {
			isa = PBXGroup;
			children = (
				6F2CADA313171EB3001A10E3 /* Basic Craft */,
				6F2CB869131D5D6D001A10E3 /* Advanced Craft */,
			);
			name = Crafts;
			sourceTree = "<group>";
		};
		6F8B8E3F130C8F43009CD1BF /* Particle Types */ = {
			isa = PBXGroup;
			children = (
				6F8B8E4A130C8FCB009CD1BF /* broggutParticle.pex */,
				6F8B8E4B130C8FCB009CD1BF /* buildLocationParticle.pex */,
				6F8B8E4C130C8FCB009CD1BF /* laserParticle.pex */,
				6F8B8E4D130C8FCB009CD1BF /* shipPartsParticle.pex */,
				6F8B8E4E130C8FCB009CD1BF /* shipThrusterParticle.pex */,
			);
			name = "Particle Types";
			sourceTree = "<group>";
		};
		6FCAC71312F7CD5C00662BDA /* Constants */ = {
			isa = PBXGroup;
			children = (
				6FCAC69612F75BB500662BDA /* GameplayConstants.h */,
				6F6A2E1612FFBF66002A4201 /* GameCenterStructs.h */,
				6FCAC76912F7D3D700662BDA /* Transform2D.h */,
				6FCAC74C12F7D2F800662BDA /* Structures.h */,
				6FF665031305D11900EB76A8 /* Primitives.h */,
				6FCAC74B12F7D29700662BDA /* Global.h */,
				6F2CB54F131ACDCE001A10E3 /* CraftAndStructures.h */,
			);
			name = Constants;
			sourceTree = "<group>";
		};
		6FCAC71412F7CD8A00662BDA /* Image Rendering */ = {
			isa = PBXGroup;
			children = (
				6FCAC71812F7CDD100662BDA /* ImageRenderSingleton.h */,
				6FCAC71912F7CDD100662BDA /* ImageRenderSingleton.m */,
				6FCAC71512F7CDB300662BDA /* Image.h */,
				6FCAC71612F7CDB300662BDA /* Image.m */,
			);
			name = "Image Rendering";
			sourceTree = "<group>";
		};
		6FCAC71B12F7CDE200662BDA /* Game Control */ = {
			isa = PBXGroup;
			children = (
				6FCAC7DD12F863A200662BDA /* GameController.h */,
				6FCAC7DE12F863A200662BDA /* GameController.m */,
				6F8B869B13076AE0009CD1BF /* PlayerProfile.h */,
				6F8B869C13076AE0009CD1BF /* PlayerProfile.m */,
				6F67CBE81329A19E0061B1A9 /* Menu Controllers */,
				1D3623240D0F684500981E51 /* OpenGLEngineAppDelegate.h */,
				1D3623250D0F684500981E51 /* OpenGLEngineAppDelegate.m */,
			);
			name = "Game Control";
			sourceTree = "<group>";
		};
		6FCAC72812F7CE4000662BDA /* Sound */ = {
			isa = PBXGroup;
			children = (
				6FCAC72912F7CE4E00662BDA /* SoundSingleton.h */,
				6FCAC72A12F7CE4E00662BDA /* SoundSingleton.m */,
				6FCAC91A12F86B6E00662BDA /* MyOpenALSupport.h */,
				6FCAC91B12F86B7400662BDA /* MyOpenALSupport.c */,
			);
			name = Sound;
			sourceTree = "<group>";
		};
		6FCACA0A12F870D500662BDA /* Particles */ = {
			isa = PBXGroup;
			children = (
				6F8B8E26130C8885009CD1BF /* ParticleSingleton.h */,
				6F8B8E27130C8885009CD1BF /* ParticleSingleton.m */,
				6F6A2F6E13019BE8002A4201 /* StarSingleton.h */,
				6F6A2F6F13019BE8002A4201 /* StarSingleton.m */,
				6FCACA0D12F870DA00662BDA /* ParticleEmitter.h */,
				6FCACA0E12F870DA00662BDA /* ParticleEmitter.m */,
				6F8B8E3F130C8F43009CD1BF /* Particle Types */,
			);
			name = Particles;
			sourceTree = "<group>";
		};
		6FCACA1212F870F000662BDA /* TBXML */ = {
			isa = PBXGroup;
			children = (
				6FCACA2B12F8717400662BDA /* NSDataAdditions.h */,
				6FCACA2C12F8717400662BDA /* NSDataAdditions.m */,
				6FCACA1612F8710000662BDA /* TBXML.h */,
				6FCACA1712F8710000662BDA /* TBXML.m */,
				6FCACA1812F8710000662BDA /* TBXMLParticleAdditions.h */,
				6FCACA1912F8710000662BDA /* TBXMLParticleAdditions.m */,
			);
			name = TBXML;
			sourceTree = "<group>";
		};
		6FE758B01302FFE400A3C6EF /* Scenes */ = {
			isa = PBXGroup;
			children = (
				6FCACA4E12F9DDCD00662BDA /* BroggutScene.h */,
				6FCACA4F12F9DDCD00662BDA /* BroggutScene.m */,
				6F8B8CF1130B5867009CD1BF /* Side Bar */,
			);
			name = Scenes;
			sourceTree = "<group>";
		};
		6FE75B2B13036ECB00A3C6EF /* Object Management */ = {
			isa = PBXGroup;
			children = (
				6F8B82361306E8BE009CD1BF /* Objects */,
				6F8B8E08130C8322009CD1BF /* Crafts */,
				6F2CAD38131714E0001A10E3 /* Structures */,
				6FE75B1A13036DB400A3C6EF /* CollisionManager.h */,
				6FE75B1B13036DB400A3C6EF /* CollisionManager.mm */,
				6F8B8A0E130884C2009CD1BF /* BroggutGenerator.h */,
				6F8B8A0F130884C2009CD1BF /* BroggutGenerator.mm */,
				6F8B8A2E13089180009CD1BF /* ShapeGenerator.h */,
				6F8B8A2F13089180009CD1BF /* ShapeGenerator.mm */,
			);
			name = "Object Management";
			sourceTree = "<group>";
		};
		6FE75E9E13044C6000A3C6EF /* Bitmap Fonts */ = {
			isa = PBXGroup;
			children = (
				6FE75F30130454BB00A3C6EF /* BitmapFont.h */,
				6FE75F31130454BB00A3C6EF /* BitmapFont.m */,
				6FE75EA613044EDA00A3C6EF /* Fonts */,
			);
			name = "Bitmap Fonts";
			sourceTree = "<group>";
		};
		6FE75EA613044EDA00A3C6EF /* Fonts */ = {
			isa = PBXGroup;
			children = (
				6F8B88C31307B38B009CD1BF /* blair.fnt */,
				6F8B88C41307B38B009CD1BF /* blair.png */,
				6FAD51F31304579100E5E98F /* gothic.fnt */,
				6FAD51F41304579100E5E98F /* gothic.png */,
			);
			name = Fonts;
			sourceTree = "<group>";
		};
/* End PBXGroup section */

/* Begin PBXNativeTarget section */
		1D6058900D05DD3D006BFB54 /* OpenGLEngine */ = {
			isa = PBXNativeTarget;
			buildConfigurationList = 1D6058960D05DD3E006BFB54 /* Build configuration list for PBXNativeTarget "OpenGLEngine" */;
			buildPhases = (
				1D60588D0D05DD3D006BFB54 /* Resources */,
				1D60588E0D05DD3D006BFB54 /* Sources */,
				1D60588F0D05DD3D006BFB54 /* Frameworks */,
			);
			buildRules = (
			);
			dependencies = (
			);
			name = OpenGLEngine;
			productName = OpenGLEngine;
			productReference = 1D6058910D05DD3D006BFB54 /* OpenGLEngine.app */;
			productType = "com.apple.product-type.application";
		};
/* End PBXNativeTarget section */

/* Begin PBXProject section */
		29B97313FDCFA39411CA2CEA /* Project object */ = {
			isa = PBXProject;
			buildConfigurationList = C01FCF4E08A954540054247B /* Build configuration list for PBXProject "OpenGLEngine" */;
			compatibilityVersion = "Xcode 3.1";
			developmentRegion = English;
			hasScannedForEncodings = 1;
			knownRegions = (
				English,
				Japanese,
				French,
				German,
			);
			mainGroup = 29B97314FDCFA39411CA2CEA /* CustomTemplate */;
			projectDirPath = "";
			projectRoot = "";
			targets = (
				1D6058900D05DD3D006BFB54 /* OpenGLEngine */,
			);
		};
/* End PBXProject section */

/* Begin PBXResourcesBuildPhase section */
		1D60588D0D05DD3D006BFB54 /* Resources */ = {
			isa = PBXResourcesBuildPhase;
			buildActionMask = 2147483647;
			files = (
				2514C27B10084DCA00A42282 /* Shader.fsh in Resources */,
				2514C27C10084DCA00A42282 /* Shader.vsh in Resources */,
				28AD733F0D9D9553002E5188 /* MainWindow.xib in Resources */,
				6FCAC69712F75BB500662BDA /* GameplayConstants.h in Resources */,
				6FC98B2112FB1FB4003F9D9A /* starTexture.png in Resources */,
				6F6A2D3A12FFB130002A4201 /* GameCenterSingleton.xib in Resources */,
				6F6A2FAD1301A782002A4201 /* smallbroggut.png in Resources */,
				6FAD51F51304579100E5E98F /* gothic.fnt in Resources */,
				6FAD51F61304579100E5E98F /* gothic.png in Resources */,
				6F120008130633D6003CDDD6 /* BaseCamp.plist in Resources */,
				6F8B8231130678BD009CD1BF /* BaseCampSaved.plist in Resources */,
				6F8B843013072035009CD1BF /* Default-Landscape.png in Resources */,
				6F8B88C51307B38B009CD1BF /* blair.fnt in Resources */,
				6F8B88C61307B38B009CD1BF /* blair.png in Resources */,
				6F8B8E4F130C8FCB009CD1BF /* broggutParticle.pex in Resources */,
				6F8B8E50130C8FCB009CD1BF /* buildLocationParticle.pex in Resources */,
				6F8B8E51130C8FCB009CD1BF /* laserParticle.pex in Resources */,
				6F8B8E52130C8FCB009CD1BF /* shipPartsParticle.pex in Resources */,
				6F8B8E53130C8FCB009CD1BF /* shipThrusterParticle.pex in Resources */,
				6F8B8E86130C91D5009CD1BF /* defaultTexture.png in Resources */,
				6F2CADC113172529001A10E3 /* structureblock.png in Resources */,
				6F2CB13A131973A9001A10E3 /* craftmonarch.png in Resources */,
				6F2CB2A81319EC26001A10E3 /* particlebroggut.png in Resources */,
				6F2CB2A91319EC26001A10E3 /* particleshippart.png in Resources */,
				6F2CB2AA1319EC26001A10E3 /* particleshipthruster.png in Resources */,
				6F2CB3491319F592001A10E3 /* structureturret.png in Resources */,
				6F2CB40E131A073C001A10E3 /* testsound.wav in Resources */,
				6F2CB895131D61DF001A10E3 /* craftcamel.png in Resources */,
				6F8ACF52131F109000B67BB5 /* craftspider.png in Resources */,
				6F8ACF53131F109000B67BB5 /* craftspiderdrone.png in Resources */,
				6F27EBC51321605C00579EE5 /* structurefixer.png in Resources */,
				6F5B456313285A7F008EC9CD /* Default-Landscape~ipad.png in Resources */,
				6F67CBE31329480C0061B1A9 /* craftant.png in Resources */,
				6F67CBE41329480C0061B1A9 /* craftbeetle.png in Resources */,
				6F67CBE51329480C0061B1A9 /* craftmoth.png in Resources */,
				6F67CBE7132948170061B1A9 /* structurebasestation.png in Resources */,
				6F67CBED1329A1DF0061B1A9 /* MainMenuController.xib in Resources */,
				6F67CBF21329A4D80061B1A9 /* OptionsMenuController.xib in Resources */,
				6F67CBF71329A6620061B1A9 /* ProfileMenuController.xib in Resources */,
				6F67CBFC1329EED40061B1A9 /* SkirmishMenuController.xib in Resources */,
			);
			runOnlyForDeploymentPostprocessing = 0;
		};
/* End PBXResourcesBuildPhase section */

/* Begin PBXSourcesBuildPhase section */
		1D60588E0D05DD3D006BFB54 /* Sources */ = {
			isa = PBXSourcesBuildPhase;
			buildActionMask = 2147483647;
			files = (
				1D60589B0D05DD56006BFB54 /* main.m in Sources */,
				1D3623260D0F684500981E51 /* OpenGLEngineAppDelegate.m in Sources */,
				28FD14FE0DC6FC130079059D /* EAGLView.m in Sources */,
				2514C27210084DB100A42282 /* ES1Renderer.m in Sources */,
				2514C27310084DB100A42282 /* ES2Renderer.m in Sources */,
				6FCAC71712F7CDB300662BDA /* Image.m in Sources */,
				6FCAC71A12F7CDD100662BDA /* ImageRenderSingleton.m in Sources */,
				6FCAC72B12F7CE4E00662BDA /* SoundSingleton.m in Sources */,
				6FCAC72E12F7CE6700662BDA /* Texture2D.m in Sources */,
				6FCAC73112F7CE7300662BDA /* TextureSingleton.m in Sources */,
				6FCAC7DF12F863A200662BDA /* GameController.m in Sources */,
				6FCAC91C12F86B7400662BDA /* MyOpenALSupport.c in Sources */,
				6FCACA0F12F870DA00662BDA /* ParticleEmitter.m in Sources */,
				6FCACA1A12F8710000662BDA /* TBXML.m in Sources */,
				6FCACA1B12F8710000662BDA /* TBXMLParticleAdditions.m in Sources */,
				6FCACA2D12F8717400662BDA /* NSDataAdditions.m in Sources */,
				6FCACA5012F9DDCD00662BDA /* BroggutScene.m in Sources */,
				6F6A2C1112FC7992002A4201 /* GameCenterSingleton.m in Sources */,
				6F6A2F7013019BE8002A4201 /* StarSingleton.m in Sources */,
				6FE75B1C13036DB400A3C6EF /* CollisionManager.mm in Sources */,
				6FE75B2E1303704100A3C6EF /* CollidableObject.m in Sources */,
				6FE75F32130454BB00A3C6EF /* BitmapFont.m in Sources */,
				6FAD539C13049A6400E5E98F /* TouchableObject.m in Sources */,
				6FF6642E1305AF4500EB76A8 /* TextObject.m in Sources */,
				6FF666921305FBAC00EB76A8 /* ControllableObject.m in Sources */,
				6F8B859E13074552009CD1BF /* SideBarController.m in Sources */,
				6F8B869D13076AE0009CD1BF /* PlayerProfile.m in Sources */,
				6F8B875013078660009CD1BF /* StructureObject.m in Sources */,
				6F8B8753130787A9009CD1BF /* CraftObject.m in Sources */,
				6F8B885C1307A7DE009CD1BF /* BroggutObject.m in Sources */,
				6F8B8A10130884C2009CD1BF /* BroggutGenerator.mm in Sources */,
				6F8B8A3013089180009CD1BF /* ShapeGenerator.mm in Sources */,
				6F8B8D0C130B5DD1009CD1BF /* SideBarObject.m in Sources */,
				6F8B8E0B130C8347009CD1BF /* AntCraftObject.m in Sources */,
				6F8B8E28130C8885009CD1BF /* ParticleSingleton.m in Sources */,
				6F2CAD3C13171501001A10E3 /* BaseStationStructureObject.m in Sources */,
				6F2CAD7213171B58001A10E3 /* TurretStructureObject.m in Sources */,
				6F2CAD7513171B7E001A10E3 /* BlockStructureObject.m in Sources */,
				6F2CAD9C13171E70001A10E3 /* MothCraftObject.m in Sources */,
				6F2CAD9F13171E94001A10E3 /* BeetleCraftObject.m in Sources */,
				6F2CADA213171EA6001A10E3 /* MonarchCraftObject.m in Sources */,
				6F2CADB313171F11001A10E3 /* RadarStructureObject.m in Sources */,
				6F2CADB613171F23001A10E3 /* FixerStructureObject.m in Sources */,
				6F2CAE6113172D9A001A10E3 /* MainMenuSideBar.m in Sources */,
				6F2CAEF313173BA7001A10E3 /* SideBarButton.m in Sources */,
				6F2CB471131A24B9001A10E3 /* CraftSideBar.m in Sources */,
				6F2CB5E0131AED6D001A10E3 /* StructureSideBar.m in Sources */,
				6F2CB879131D5ED6001A10E3 /* CamelCraftObject.m in Sources */,
				6F2CB91D131DD3CF001A10E3 /* RatCraftObject.m in Sources */,
				6F2CB920131DD42A001A10E3 /* SpiderCraftObject.m in Sources */,
				6F2CB923131DD452001A10E3 /* EagleCraftObject.m in Sources */,
				6F2CB9A5131EB7F3001A10E3 /* SpiderDroneObject.m in Sources */,
				6F2CB9D3131EE517001A10E3 /* BroggutsSideBar.m in Sources */,
				6F27EE0A1324118B00579EE5 /* AIController.m in Sources */,
				6F67CBEC1329A1DF0061B1A9 /* MainMenuController.m in Sources */,
				6F67CBF11329A4D80061B1A9 /* OptionsMenuController.m in Sources */,
				6F67CBF61329A6620061B1A9 /* ProfileMenuController.m in Sources */,
				6F67CBFB1329EED40061B1A9 /* SkirmishMenuController.m in Sources */,
			);
			runOnlyForDeploymentPostprocessing = 0;
		};
/* End PBXSourcesBuildPhase section */

/* Begin XCBuildConfiguration section */
		1D6058940D05DD3E006BFB54 /* Debug */ = {
			isa = XCBuildConfiguration;
			buildSettings = {
				ALWAYS_SEARCH_USER_PATHS = NO;
				COPY_PHASE_STRIP = NO;
				GCC_DYNAMIC_NO_PIC = NO;
				GCC_OPTIMIZATION_LEVEL = 0;
				GCC_PRECOMPILE_PREFIX_HEADER = YES;
				GCC_PREFIX_HEADER = OpenGLEngine_Prefix.pch;
				"GCC_THUMB_SUPPORT[arch=armv6]" = "";
				INFOPLIST_FILE = "OpenGLEngine-Info.plist";
				IPHONEOS_DEPLOYMENT_TARGET = 4.2;
				PRODUCT_NAME = OpenGLEngine;
			};
			name = Debug;
		};
		1D6058950D05DD3E006BFB54 /* Release */ = {
			isa = XCBuildConfiguration;
			buildSettings = {
				ALWAYS_SEARCH_USER_PATHS = NO;
				COPY_PHASE_STRIP = YES;
				GCC_PRECOMPILE_PREFIX_HEADER = YES;
				GCC_PREFIX_HEADER = OpenGLEngine_Prefix.pch;
				"GCC_THUMB_SUPPORT[arch=armv6]" = "";
				INFOPLIST_FILE = "OpenGLEngine-Info.plist";
				IPHONEOS_DEPLOYMENT_TARGET = 4.2;
				PRODUCT_NAME = OpenGLEngine;
				VALIDATE_PRODUCT = YES;
			};
			name = Release;
		};
		C01FCF4F08A954540054247B /* Debug */ = {
			isa = XCBuildConfiguration;
			buildSettings = {
				ARCHS = "$(ARCHS_UNIVERSAL_IPHONE_OS)";
				"CODE_SIGN_IDENTITY[sdk=iphoneos*]" = "iPhone Developer";
				GCC_C_LANGUAGE_STANDARD = c99;
				GCC_PREPROCESSOR_DEFINITIONS = DEBUG;
				GCC_VERSION = com.apple.compilers.llvmgcc42;
				GCC_WARN_ABOUT_RETURN_TYPE = YES;
				GCC_WARN_UNUSED_VARIABLE = YES;
				IPHONEOS_DEPLOYMENT_TARGET = 4.2;
				PREBINDING = NO;
				SDKROOT = iphoneos;
				SYMROOT = "/Users/foslock/Documents/School Work/Spring 2011/COMP 194/Brogguts/Xcode Building";
				TARGETED_DEVICE_FAMILY = 2;
			};
			name = Debug;
		};
		C01FCF5008A954540054247B /* Release */ = {
			isa = XCBuildConfiguration;
			buildSettings = {
				ARCHS = "$(ARCHS_UNIVERSAL_IPHONE_OS)";
				"CODE_SIGN_IDENTITY[sdk=iphoneos*]" = "iPhone Developer";
				GCC_C_LANGUAGE_STANDARD = c99;
				GCC_WARN_ABOUT_RETURN_TYPE = YES;
				GCC_WARN_UNUSED_VARIABLE = YES;
				IPHONEOS_DEPLOYMENT_TARGET = 4.2;
				OTHER_CFLAGS = "-DNS_BLOCK_ASSERTIONS=1";
				PREBINDING = NO;
				SDKROOT = iphoneos;
				SYMROOT = "/Users/foslock/Documents/School Work/Spring 2011/COMP 194/Brogguts/Xcode Building";
				TARGETED_DEVICE_FAMILY = 2;
			};
			name = Release;
		};
/* End XCBuildConfiguration section */

/* Begin XCConfigurationList section */
		1D6058960D05DD3E006BFB54 /* Build configuration list for PBXNativeTarget "OpenGLEngine" */ = {
			isa = XCConfigurationList;
			buildConfigurations = (
				1D6058940D05DD3E006BFB54 /* Debug */,
				1D6058950D05DD3E006BFB54 /* Release */,
			);
			defaultConfigurationIsVisible = 0;
			defaultConfigurationName = Release;
		};
		C01FCF4E08A954540054247B /* Build configuration list for PBXProject "OpenGLEngine" */ = {
			isa = XCConfigurationList;
			buildConfigurations = (
				C01FCF4F08A954540054247B /* Debug */,
				C01FCF5008A954540054247B /* Release */,
			);
			defaultConfigurationIsVisible = 0;
			defaultConfigurationName = Release;
		};
/* End XCConfigurationList section */
	};
	rootObject = 29B97313FDCFA39411CA2CEA /* Project object */;
}
